// !$*UTF8*$!
{
	archiveVersion = 1;
	classes = {
	};
	objectVersion = 50;
	objects = {

/* Begin PBXBuildFile section */
		CA0CFAD125DEB04400FD7903 /* UIViewController+LifecycleState.swift in Sources */ = {isa = PBXBuildFile; fileRef = CA0CFAD025DEB04400FD7903 /* UIViewController+LifecycleState.swift */; };
		CA7E09EC25DD59E10062A02F /* AppDelegate.swift in Sources */ = {isa = PBXBuildFile; fileRef = CA7E09EB25DD59E10062A02F /* AppDelegate.swift */; };
		CA7E09EE25DD59E10062A02F /* SceneDelegate.swift in Sources */ = {isa = PBXBuildFile; fileRef = CA7E09ED25DD59E10062A02F /* SceneDelegate.swift */; };
		CA7E09F025DD59E10062A02F /* ViewController.swift in Sources */ = {isa = PBXBuildFile; fileRef = CA7E09EF25DD59E10062A02F /* ViewController.swift */; };
		CA7E09F525DD59ED0062A02F /* Assets.xcassets in Resources */ = {isa = PBXBuildFile; fileRef = CA7E09F425DD59ED0062A02F /* Assets.xcassets */; };
		CA7E09F825DD59ED0062A02F /* LaunchScreen.storyboard in Resources */ = {isa = PBXBuildFile; fileRef = CA7E09F625DD59ED0062A02F /* LaunchScreen.storyboard */; };
		CA7E0A0325DD59EE0062A02F /* ComponentsViewModelTests.swift in Sources */ = {isa = PBXBuildFile; fileRef = CA7E0A0225DD59EE0062A02F /* ComponentsViewModelTests.swift */; };
		CA7E0A0E25DD59EE0062A02F /* ComponentsViewModelUITests.swift in Sources */ = {isa = PBXBuildFile; fileRef = CA7E0A0D25DD59EE0062A02F /* ComponentsViewModelUITests.swift */; };
		CA7E0A2225DD5A700062A02F /* ViewModel.swift in Sources */ = {isa = PBXBuildFile; fileRef = CA7E0A2125DD5A700062A02F /* ViewModel.swift */; };
		CA7E0A6525DD5ED60062A02F /* Label.swift in Sources */ = {isa = PBXBuildFile; fileRef = CA7E0A6425DD5ED60062A02F /* Label.swift */; };
		CA7E0A6D25DD5EE30062A02F /* Label+Model.swift in Sources */ = {isa = PBXBuildFile; fileRef = CA7E0A6C25DD5EE30062A02F /* Label+Model.swift */; };
		CABCC03326AC2B580045DC62 /* Publisher+withUnretained.swift in Sources */ = {isa = PBXBuildFile; fileRef = CABCC03226AC2B580045DC62 /* Publisher+withUnretained.swift */; };
/* End PBXBuildFile section */

/* Begin PBXContainerItemProxy section */
		CA7E09FF25DD59EE0062A02F /* PBXContainerItemProxy */ = {
			isa = PBXContainerItemProxy;
			containerPortal = CA7E09E025DD59E10062A02F /* Project object */;
			proxyType = 1;
			remoteGlobalIDString = CA7E09E725DD59E10062A02F;
			remoteInfo = ComponentsViewModel;
		};
		CA7E0A0A25DD59EE0062A02F /* PBXContainerItemProxy */ = {
			isa = PBXContainerItemProxy;
			containerPortal = CA7E09E025DD59E10062A02F /* Project object */;
			proxyType = 1;
			remoteGlobalIDString = CA7E09E725DD59E10062A02F;
			remoteInfo = ComponentsViewModel;
		};
/* End PBXContainerItemProxy section */

/* Begin PBXFileReference section */
		CA0CFAD025DEB04400FD7903 /* UIViewController+LifecycleState.swift */ = {isa = PBXFileReference; lastKnownFileType = sourcecode.swift; path = "UIViewController+LifecycleState.swift"; sourceTree = "<group>"; };
		CA7E09E825DD59E10062A02F /* ComponentsViewModel.app */ = {isa = PBXFileReference; explicitFileType = wrapper.application; includeInIndex = 0; path = ComponentsViewModel.app; sourceTree = BUILT_PRODUCTS_DIR; };
		CA7E09EB25DD59E10062A02F /* AppDelegate.swift */ = {isa = PBXFileReference; lastKnownFileType = sourcecode.swift; path = AppDelegate.swift; sourceTree = "<group>"; };
		CA7E09ED25DD59E10062A02F /* SceneDelegate.swift */ = {isa = PBXFileReference; lastKnownFileType = sourcecode.swift; path = SceneDelegate.swift; sourceTree = "<group>"; };
		CA7E09EF25DD59E10062A02F /* ViewController.swift */ = {isa = PBXFileReference; lastKnownFileType = sourcecode.swift; path = ViewController.swift; sourceTree = "<group>"; };
		CA7E09F425DD59ED0062A02F /* Assets.xcassets */ = {isa = PBXFileReference; lastKnownFileType = folder.assetcatalog; path = Assets.xcassets; sourceTree = "<group>"; };
		CA7E09F725DD59ED0062A02F /* Base */ = {isa = PBXFileReference; lastKnownFileType = file.storyboard; name = Base; path = Base.lproj/LaunchScreen.storyboard; sourceTree = "<group>"; };
		CA7E09F925DD59ED0062A02F /* Info.plist */ = {isa = PBXFileReference; lastKnownFileType = text.plist.xml; path = Info.plist; sourceTree = "<group>"; };
		CA7E09FE25DD59EE0062A02F /* ComponentsViewModelTests.xctest */ = {isa = PBXFileReference; explicitFileType = wrapper.cfbundle; includeInIndex = 0; path = ComponentsViewModelTests.xctest; sourceTree = BUILT_PRODUCTS_DIR; };
		CA7E0A0225DD59EE0062A02F /* ComponentsViewModelTests.swift */ = {isa = PBXFileReference; lastKnownFileType = sourcecode.swift; path = ComponentsViewModelTests.swift; sourceTree = "<group>"; };
		CA7E0A0425DD59EE0062A02F /* Info.plist */ = {isa = PBXFileReference; lastKnownFileType = text.plist.xml; path = Info.plist; sourceTree = "<group>"; };
		CA7E0A0925DD59EE0062A02F /* ComponentsViewModelUITests.xctest */ = {isa = PBXFileReference; explicitFileType = wrapper.cfbundle; includeInIndex = 0; path = ComponentsViewModelUITests.xctest; sourceTree = BUILT_PRODUCTS_DIR; };
		CA7E0A0D25DD59EE0062A02F /* ComponentsViewModelUITests.swift */ = {isa = PBXFileReference; lastKnownFileType = sourcecode.swift; path = ComponentsViewModelUITests.swift; sourceTree = "<group>"; };
		CA7E0A0F25DD59EE0062A02F /* Info.plist */ = {isa = PBXFileReference; lastKnownFileType = text.plist.xml; path = Info.plist; sourceTree = "<group>"; };
		CA7E0A2125DD5A700062A02F /* ViewModel.swift */ = {isa = PBXFileReference; lastKnownFileType = sourcecode.swift; path = ViewModel.swift; sourceTree = "<group>"; };
		CA7E0A6425DD5ED60062A02F /* Label.swift */ = {isa = PBXFileReference; lastKnownFileType = sourcecode.swift; path = Label.swift; sourceTree = "<group>"; };
		CA7E0A6C25DD5EE30062A02F /* Label+Model.swift */ = {isa = PBXFileReference; lastKnownFileType = sourcecode.swift; path = "Label+Model.swift"; sourceTree = "<group>"; };
		CABCC03226AC2B580045DC62 /* Publisher+withUnretained.swift */ = {isa = PBXFileReference; lastKnownFileType = sourcecode.swift; path = "Publisher+withUnretained.swift"; sourceTree = "<group>"; };
/* End PBXFileReference section */

/* Begin PBXFrameworksBuildPhase section */
		CA7E09E525DD59E10062A02F /* Frameworks */ = {
			isa = PBXFrameworksBuildPhase;
			buildActionMask = 2147483647;
			files = (
			);
			runOnlyForDeploymentPostprocessing = 0;
		};
		CA7E09FB25DD59EE0062A02F /* Frameworks */ = {
			isa = PBXFrameworksBuildPhase;
			buildActionMask = 2147483647;
			files = (
			);
			runOnlyForDeploymentPostprocessing = 0;
		};
		CA7E0A0625DD59EE0062A02F /* Frameworks */ = {
			isa = PBXFrameworksBuildPhase;
			buildActionMask = 2147483647;
			files = (
			);
			runOnlyForDeploymentPostprocessing = 0;
		};
/* End PBXFrameworksBuildPhase section */

/* Begin PBXGroup section */
		CA7E09DF25DD59E10062A02F = {
			isa = PBXGroup;
			children = (
				CA7E09EA25DD59E10062A02F /* ComponentsViewModel */,
				CA7E0A0125DD59EE0062A02F /* ComponentsViewModelTests */,
				CA7E0A0C25DD59EE0062A02F /* ComponentsViewModelUITests */,
				CA7E09E925DD59E10062A02F /* Products */,
			);
			sourceTree = "<group>";
		};
		CA7E09E925DD59E10062A02F /* Products */ = {
			isa = PBXGroup;
			children = (
				CA7E09E825DD59E10062A02F /* ComponentsViewModel.app */,
				CA7E09FE25DD59EE0062A02F /* ComponentsViewModelTests.xctest */,
				CA7E0A0925DD59EE0062A02F /* ComponentsViewModelUITests.xctest */,
			);
			name = Products;
			sourceTree = "<group>";
		};
		CA7E09EA25DD59E10062A02F /* ComponentsViewModel */ = {
			isa = PBXGroup;
			children = (
				CA7E09EB25DD59E10062A02F /* AppDelegate.swift */,
				CA7E09ED25DD59E10062A02F /* SceneDelegate.swift */,
				CA7E09EF25DD59E10062A02F /* ViewController.swift */,
				CA7E0A2125DD5A700062A02F /* ViewModel.swift */,
				CA0CFAD025DEB04400FD7903 /* UIViewController+LifecycleState.swift */,
				CABCC03226AC2B580045DC62 /* Publisher+withUnretained.swift */,
				CA7E0A4825DD5E350062A02F /* Component */,
				CA7E09F425DD59ED0062A02F /* Assets.xcassets */,
				CA7E09F625DD59ED0062A02F /* LaunchScreen.storyboard */,
				CA7E09F925DD59ED0062A02F /* Info.plist */,
			);
			path = ComponentsViewModel;
			sourceTree = "<group>";
		};
		CA7E0A0125DD59EE0062A02F /* ComponentsViewModelTests */ = {
			isa = PBXGroup;
			children = (
				CA7E0A0225DD59EE0062A02F /* ComponentsViewModelTests.swift */,
				CA7E0A0425DD59EE0062A02F /* Info.plist */,
			);
			path = ComponentsViewModelTests;
			sourceTree = "<group>";
		};
		CA7E0A0C25DD59EE0062A02F /* ComponentsViewModelUITests */ = {
			isa = PBXGroup;
			children = (
				CA7E0A0D25DD59EE0062A02F /* ComponentsViewModelUITests.swift */,
				CA7E0A0F25DD59EE0062A02F /* Info.plist */,
			);
			path = ComponentsViewModelUITests;
			sourceTree = "<group>";
		};
		CA7E0A4725DD5E2A0062A02F /* Label */ = {
			isa = PBXGroup;
			children = (
				CA7E0A6425DD5ED60062A02F /* Label.swift */,
				CA7E0A6C25DD5EE30062A02F /* Label+Model.swift */,
			);
			path = Label;
			sourceTree = "<group>";
		};
		CA7E0A4825DD5E350062A02F /* Component */ = {
			isa = PBXGroup;
			children = (
				CA7E0A4725DD5E2A0062A02F /* Label */,
			);
			path = Component;
			sourceTree = "<group>";
		};
/* End PBXGroup section */

/* Begin PBXNativeTarget section */
		CA7E09E725DD59E10062A02F /* ComponentsViewModel */ = {
			isa = PBXNativeTarget;
			buildConfigurationList = CA7E0A1225DD59EE0062A02F /* Build configuration list for PBXNativeTarget "ComponentsViewModel" */;
			buildPhases = (
				CA7E09E425DD59E10062A02F /* Sources */,
				CA7E09E525DD59E10062A02F /* Frameworks */,
				CA7E09E625DD59E10062A02F /* Resources */,
			);
			buildRules = (
			);
			dependencies = (
			);
			name = ComponentsViewModel;
			productName = ComponentsViewModel;
			productReference = CA7E09E825DD59E10062A02F /* ComponentsViewModel.app */;
			productType = "com.apple.product-type.application";
		};
		CA7E09FD25DD59EE0062A02F /* ComponentsViewModelTests */ = {
			isa = PBXNativeTarget;
			buildConfigurationList = CA7E0A1525DD59EE0062A02F /* Build configuration list for PBXNativeTarget "ComponentsViewModelTests" */;
			buildPhases = (
				CA7E09FA25DD59EE0062A02F /* Sources */,
				CA7E09FB25DD59EE0062A02F /* Frameworks */,
				CA7E09FC25DD59EE0062A02F /* Resources */,
			);
			buildRules = (
			);
			dependencies = (
				CA7E0A0025DD59EE0062A02F /* PBXTargetDependency */,
			);
			name = ComponentsViewModelTests;
			productName = ComponentsViewModelTests;
			productReference = CA7E09FE25DD59EE0062A02F /* ComponentsViewModelTests.xctest */;
			productType = "com.apple.product-type.bundle.unit-test";
		};
		CA7E0A0825DD59EE0062A02F /* ComponentsViewModelUITests */ = {
			isa = PBXNativeTarget;
			buildConfigurationList = CA7E0A1825DD59EE0062A02F /* Build configuration list for PBXNativeTarget "ComponentsViewModelUITests" */;
			buildPhases = (
				CA7E0A0525DD59EE0062A02F /* Sources */,
				CA7E0A0625DD59EE0062A02F /* Frameworks */,
				CA7E0A0725DD59EE0062A02F /* Resources */,
			);
			buildRules = (
			);
			dependencies = (
				CA7E0A0B25DD59EE0062A02F /* PBXTargetDependency */,
			);
			name = ComponentsViewModelUITests;
			productName = ComponentsViewModelUITests;
			productReference = CA7E0A0925DD59EE0062A02F /* ComponentsViewModelUITests.xctest */;
			productType = "com.apple.product-type.bundle.ui-testing";
		};
/* End PBXNativeTarget section */

/* Begin PBXProject section */
		CA7E09E025DD59E10062A02F /* Project object */ = {
			isa = PBXProject;
			attributes = {
				LastSwiftUpdateCheck = 1220;
				LastUpgradeCheck = 1220;
				TargetAttributes = {
					CA7E09E725DD59E10062A02F = {
						CreatedOnToolsVersion = 12.2;
					};
					CA7E09FD25DD59EE0062A02F = {
						CreatedOnToolsVersion = 12.2;
						TestTargetID = CA7E09E725DD59E10062A02F;
					};
					CA7E0A0825DD59EE0062A02F = {
						CreatedOnToolsVersion = 12.2;
						TestTargetID = CA7E09E725DD59E10062A02F;
					};
				};
			};
			buildConfigurationList = CA7E09E325DD59E10062A02F /* Build configuration list for PBXProject "ComponentsViewModel" */;
			compatibilityVersion = "Xcode 9.3";
			developmentRegion = en;
			hasScannedForEncodings = 0;
			knownRegions = (
				en,
				Base,
			);
			mainGroup = CA7E09DF25DD59E10062A02F;
			productRefGroup = CA7E09E925DD59E10062A02F /* Products */;
			projectDirPath = "";
			projectRoot = "";
			targets = (
				CA7E09E725DD59E10062A02F /* ComponentsViewModel */,
				CA7E09FD25DD59EE0062A02F /* ComponentsViewModelTests */,
				CA7E0A0825DD59EE0062A02F /* ComponentsViewModelUITests */,
			);
		};
/* End PBXProject section */

/* Begin PBXResourcesBuildPhase section */
		CA7E09E625DD59E10062A02F /* Resources */ = {
			isa = PBXResourcesBuildPhase;
			buildActionMask = 2147483647;
			files = (
				CA7E09F825DD59ED0062A02F /* LaunchScreen.storyboard in Resources */,
				CA7E09F525DD59ED0062A02F /* Assets.xcassets in Resources */,
			);
			runOnlyForDeploymentPostprocessing = 0;
		};
		CA7E09FC25DD59EE0062A02F /* Resources */ = {
			isa = PBXResourcesBuildPhase;
			buildActionMask = 2147483647;
			files = (
			);
			runOnlyForDeploymentPostprocessing = 0;
		};
		CA7E0A0725DD59EE0062A02F /* Resources */ = {
			isa = PBXResourcesBuildPhase;
			buildActionMask = 2147483647;
			files = (
			);
			runOnlyForDeploymentPostprocessing = 0;
		};
/* End PBXResourcesBuildPhase section */

/* Begin PBXSourcesBuildPhase section */
		CA7E09E425DD59E10062A02F /* Sources */ = {
			isa = PBXSourcesBuildPhase;
			buildActionMask = 2147483647;
			files = (
				CA0CFAD125DEB04400FD7903 /* UIViewController+LifecycleState.swift in Sources */,
				CA7E09F025DD59E10062A02F /* ViewController.swift in Sources */,
				CA7E09EC25DD59E10062A02F /* AppDelegate.swift in Sources */,
				CA7E0A2225DD5A700062A02F /* ViewModel.swift in Sources */,
				CA7E0A6525DD5ED60062A02F /* Label.swift in Sources */,
				CABCC03326AC2B580045DC62 /* Publisher+withUnretained.swift in Sources */,
				CA7E0A6D25DD5EE30062A02F /* Label+Model.swift in Sources */,
				CA7E09EE25DD59E10062A02F /* SceneDelegate.swift in Sources */,
			);
			runOnlyForDeploymentPostprocessing = 0;
		};
		CA7E09FA25DD59EE0062A02F /* Sources */ = {
			isa = PBXSourcesBuildPhase;
			buildActionMask = 2147483647;
			files = (
				CA7E0A0325DD59EE0062A02F /* ComponentsViewModelTests.swift in Sources */,
			);
			runOnlyForDeploymentPostprocessing = 0;
		};
		CA7E0A0525DD59EE0062A02F /* Sources */ = {
			isa = PBXSourcesBuildPhase;
			buildActionMask = 2147483647;
			files = (
				CA7E0A0E25DD59EE0062A02F /* ComponentsViewModelUITests.swift in Sources */,
			);
			runOnlyForDeploymentPostprocessing = 0;
		};
/* End PBXSourcesBuildPhase section */

/* Begin PBXTargetDependency section */
		CA7E0A0025DD59EE0062A02F /* PBXTargetDependency */ = {
			isa = PBXTargetDependency;
			target = CA7E09E725DD59E10062A02F /* ComponentsViewModel */;
			targetProxy = CA7E09FF25DD59EE0062A02F /* PBXContainerItemProxy */;
		};
		CA7E0A0B25DD59EE0062A02F /* PBXTargetDependency */ = {
			isa = PBXTargetDependency;
			target = CA7E09E725DD59E10062A02F /* ComponentsViewModel */;
			targetProxy = CA7E0A0A25DD59EE0062A02F /* PBXContainerItemProxy */;
		};
/* End PBXTargetDependency section */

/* Begin PBXVariantGroup section */
		CA7E09F625DD59ED0062A02F /* LaunchScreen.storyboard */ = {
			isa = PBXVariantGroup;
			children = (
				CA7E09F725DD59ED0062A02F /* Base */,
			);
			name = LaunchScreen.storyboard;
			sourceTree = "<group>";
		};
/* End PBXVariantGroup section */

/* Begin XCBuildConfiguration section */
		CA7E0A1025DD59EE0062A02F /* Debug */ = {
			isa = XCBuildConfiguration;
			buildSettings = {
				ALWAYS_SEARCH_USER_PATHS = NO;
				CLANG_ANALYZER_NONNULL = YES;
				CLANG_ANALYZER_NUMBER_OBJECT_CONVERSION = YES_AGGRESSIVE;
				CLANG_CXX_LANGUAGE_STANDARD = "gnu++14";
				CLANG_CXX_LIBRARY = "libc++";
				CLANG_ENABLE_MODULES = YES;
				CLANG_ENABLE_OBJC_ARC = YES;
				CLANG_ENABLE_OBJC_WEAK = YES;
				CLANG_WARN_BLOCK_CAPTURE_AUTORELEASING = YES;
				CLANG_WARN_BOOL_CONVERSION = YES;
				CLANG_WARN_COMMA = YES;
				CLANG_WARN_CONSTANT_CONVERSION = YES;
				CLANG_WARN_DEPRECATED_OBJC_IMPLEMENTATIONS = YES;
				CLANG_WARN_DIRECT_OBJC_ISA_USAGE = YES_ERROR;
				CLANG_WARN_DOCUMENTATION_COMMENTS = YES;
				CLANG_WARN_EMPTY_BODY = YES;
				CLANG_WARN_ENUM_CONVERSION = YES;
				CLANG_WARN_INFINITE_RECURSION = YES;
				CLANG_WARN_INT_CONVERSION = YES;
				CLANG_WARN_NON_LITERAL_NULL_CONVERSION = YES;
				CLANG_WARN_OBJC_IMPLICIT_RETAIN_SELF = YES;
				CLANG_WARN_OBJC_LITERAL_CONVERSION = YES;
				CLANG_WARN_OBJC_ROOT_CLASS = YES_ERROR;
				CLANG_WARN_QUOTED_INCLUDE_IN_FRAMEWORK_HEADER = YES;
				CLANG_WARN_RANGE_LOOP_ANALYSIS = YES;
				CLANG_WARN_STRICT_PROTOTYPES = YES;
				CLANG_WARN_SUSPICIOUS_MOVE = YES;
				CLANG_WARN_UNGUARDED_AVAILABILITY = YES_AGGRESSIVE;
				CLANG_WARN_UNREACHABLE_CODE = YES;
				CLANG_WARN__DUPLICATE_METHOD_MATCH = YES;
				COPY_PHASE_STRIP = NO;
				DEBUG_INFORMATION_FORMAT = dwarf;
				ENABLE_STRICT_OBJC_MSGSEND = YES;
				ENABLE_TESTABILITY = YES;
				GCC_C_LANGUAGE_STANDARD = gnu11;
				GCC_DYNAMIC_NO_PIC = NO;
				GCC_NO_COMMON_BLOCKS = YES;
				GCC_OPTIMIZATION_LEVEL = 0;
				GCC_PREPROCESSOR_DEFINITIONS = (
					"DEBUG=1",
					"$(inherited)",
				);
				GCC_WARN_64_TO_32_BIT_CONVERSION = YES;
				GCC_WARN_ABOUT_RETURN_TYPE = YES_ERROR;
				GCC_WARN_UNDECLARED_SELECTOR = YES;
				GCC_WARN_UNINITIALIZED_AUTOS = YES_AGGRESSIVE;
				GCC_WARN_UNUSED_FUNCTION = YES;
				GCC_WARN_UNUSED_VARIABLE = YES;
				IPHONEOS_DEPLOYMENT_TARGET = 14.2;
				MTL_ENABLE_DEBUG_INFO = INCLUDE_SOURCE;
				MTL_FAST_MATH = YES;
				ONLY_ACTIVE_ARCH = YES;
				SDKROOT = iphoneos;
				SWIFT_ACTIVE_COMPILATION_CONDITIONS = DEBUG;
				SWIFT_OPTIMIZATION_LEVEL = "-Onone";
			};
			name = Debug;
		};
		CA7E0A1125DD59EE0062A02F /* Release */ = {
			isa = XCBuildConfiguration;
			buildSettings = {
				ALWAYS_SEARCH_USER_PATHS = NO;
				CLANG_ANALYZER_NONNULL = YES;
				CLANG_ANALYZER_NUMBER_OBJECT_CONVERSION = YES_AGGRESSIVE;
				CLANG_CXX_LANGUAGE_STANDARD = "gnu++14";
				CLANG_CXX_LIBRARY = "libc++";
				CLANG_ENABLE_MODULES = YES;
				CLANG_ENABLE_OBJC_ARC = YES;
				CLANG_ENABLE_OBJC_WEAK = YES;
				CLANG_WARN_BLOCK_CAPTURE_AUTORELEASING = YES;
				CLANG_WARN_BOOL_CONVERSION = YES;
				CLANG_WARN_COMMA = YES;
				CLANG_WARN_CONSTANT_CONVERSION = YES;
				CLANG_WARN_DEPRECATED_OBJC_IMPLEMENTATIONS = YES;
				CLANG_WARN_DIRECT_OBJC_ISA_USAGE = YES_ERROR;
				CLANG_WARN_DOCUMENTATION_COMMENTS = YES;
				CLANG_WARN_EMPTY_BODY = YES;
				CLANG_WARN_ENUM_CONVERSION = YES;
				CLANG_WARN_INFINITE_RECURSION = YES;
				CLANG_WARN_INT_CONVERSION = YES;
				CLANG_WARN_NON_LITERAL_NULL_CONVERSION = YES;
				CLANG_WARN_OBJC_IMPLICIT_RETAIN_SELF = YES;
				CLANG_WARN_OBJC_LITERAL_CONVERSION = YES;
				CLANG_WARN_OBJC_ROOT_CLASS = YES_ERROR;
				CLANG_WARN_QUOTED_INCLUDE_IN_FRAMEWORK_HEADER = YES;
				CLANG_WARN_RANGE_LOOP_ANALYSIS = YES;
				CLANG_WARN_STRICT_PROTOTYPES = YES;
				CLANG_WARN_SUSPICIOUS_MOVE = YES;
				CLANG_WARN_UNGUARDED_AVAILABILITY = YES_AGGRESSIVE;
				CLANG_WARN_UNREACHABLE_CODE = YES;
				CLANG_WARN__DUPLICATE_METHOD_MATCH = YES;
				COPY_PHASE_STRIP = NO;
				DEBUG_INFORMATION_FORMAT = "dwarf-with-dsym";
				ENABLE_NS_ASSERTIONS = NO;
				ENABLE_STRICT_OBJC_MSGSEND = YES;
				GCC_C_LANGUAGE_STANDARD = gnu11;
				GCC_NO_COMMON_BLOCKS = YES;
				GCC_WARN_64_TO_32_BIT_CONVERSION = YES;
				GCC_WARN_ABOUT_RETURN_TYPE = YES_ERROR;
				GCC_WARN_UNDECLARED_SELECTOR = YES;
				GCC_WARN_UNINITIALIZED_AUTOS = YES_AGGRESSIVE;
				GCC_WARN_UNUSED_FUNCTION = YES;
				GCC_WARN_UNUSED_VARIABLE = YES;
				IPHONEOS_DEPLOYMENT_TARGET = 14.2;
				MTL_ENABLE_DEBUG_INFO = NO;
				MTL_FAST_MATH = YES;
				SDKROOT = iphoneos;
				SWIFT_COMPILATION_MODE = wholemodule;
				SWIFT_OPTIMIZATION_LEVEL = "-O";
				VALIDATE_PRODUCT = YES;
			};
			name = Release;
		};
		CA7E0A1325DD59EE0062A02F /* Debug */ = {
			isa = XCBuildConfiguration;
			buildSettings = {
				ASSETCATALOG_COMPILER_APPICON_NAME = AppIcon;
				ASSETCATALOG_COMPILER_GLOBAL_ACCENT_COLOR_NAME = AccentColor;
				CODE_SIGN_STYLE = Automatic;
				DEVELOPMENT_TEAM = UW69ZFFDZJ;
				INFOPLIST_FILE = ComponentsViewModel/Info.plist;
				LD_RUNPATH_SEARCH_PATHS = (
					"$(inherited)",
					"@executable_path/Frameworks",
				);
				PRODUCT_BUNDLE_IDENTIFIER = com.studeapps.ComponentsViewModel;
				PRODUCT_NAME = "$(TARGET_NAME)";
				SWIFT_VERSION = 5.0;
				TARGETED_DEVICE_FAMILY = "1,2";
			};
			name = Debug;
		};
		CA7E0A1425DD59EE0062A02F /* Release */ = {
			isa = XCBuildConfiguration;
			buildSettings = {
				ASSETCATALOG_COMPILER_APPICON_NAME = AppIcon;
				ASSETCATALOG_COMPILER_GLOBAL_ACCENT_COLOR_NAME = AccentColor;
				CODE_SIGN_STYLE = Automatic;
				DEVELOPMENT_TEAM = UW69ZFFDZJ;
				INFOPLIST_FILE = ComponentsViewModel/Info.plist;
				LD_RUNPATH_SEARCH_PATHS = (
					"$(inherited)",
					"@executable_path/Frameworks",
				);
				PRODUCT_BUNDLE_IDENTIFIER = com.studeapps.ComponentsViewModel;
				PRODUCT_NAME = "$(TARGET_NAME)";
				SWIFT_VERSION = 5.0;
				TARGETED_DEVICE_FAMILY = "1,2";
			};
			name = Release;
		};
		CA7E0A1625DD59EE0062A02F /* Debug */ = {
			isa = XCBuildConfiguration;
			buildSettings = {
				ALWAYS_EMBED_SWIFT_STANDARD_LIBRARIES = YES;
				BUNDLE_LOADER = "$(TEST_HOST)";
				CODE_SIGN_STYLE = Automatic;
				DEVELOPMENT_TEAM = UW69ZFFDZJ;
				INFOPLIST_FILE = ComponentsViewModelTests/Info.plist;
				IPHONEOS_DEPLOYMENT_TARGET = 14.2;
				LD_RUNPATH_SEARCH_PATHS = (
					"$(inherited)",
					"@executable_path/Frameworks",
					"@loader_path/Frameworks",
				);
				PRODUCT_BUNDLE_IDENTIFIER = com.studeapps.ComponentsViewModelTests;
				PRODUCT_NAME = "$(TARGET_NAME)";
				SWIFT_VERSION = 5.0;
				TARGETED_DEVICE_FAMILY = "1,2";
				TEST_HOST = "$(BUILT_PRODUCTS_DIR)/ComponentsViewModel.app/ComponentsViewModel";
			};
			name = Debug;
		};
		CA7E0A1725DD59EE0062A02F /* Release */ = {
			isa = XCBuildConfiguration;
			buildSettings = {
				ALWAYS_EMBED_SWIFT_STANDARD_LIBRARIES = YES;
				BUNDLE_LOADER = "$(TEST_HOST)";
				CODE_SIGN_STYLE = Automatic;
				DEVELOPMENT_TEAM = UW69ZFFDZJ;
				INFOPLIST_FILE = ComponentsViewModelTests/Info.plist;
				IPHONEOS_DEPLOYMENT_TARGET = 14.2;
				LD_RUNPATH_SEARCH_PATHS = (
					"$(inherited)",
					"@executable_path/Frameworks",
					"@loader_path/Frameworks",
				);
				PRODUCT_BUNDLE_IDENTIFIER = com.studeapps.ComponentsViewModelTests;
				PRODUCT_NAME = "$(TARGET_NAME)";
				SWIFT_VERSION = 5.0;
				TARGETED_DEVICE_FAMILY = "1,2";
				TEST_HOST = "$(BUILT_PRODUCTS_DIR)/ComponentsViewModel.app/ComponentsViewModel";
			};
			name = Release;
		};
		CA7E0A1925DD59EE0062A02F /* Debug */ = {
			isa = XCBuildConfiguration;
			buildSettings = {
				ALWAYS_EMBED_SWIFT_STANDARD_LIBRARIES = YES;
				CODE_SIGN_STYLE = Automatic;
				DEVELOPMENT_TEAM = UW69ZFFDZJ;
				INFOPLIST_FILE = ComponentsViewModelUITests/Info.plist;
				LD_RUNPATH_SEARCH_PATHS = (
					"$(inherited)",
					"@executable_path/Frameworks",
					"@loader_path/Frameworks",
				);
				PRODUCT_BUNDLE_IDENTIFIER = com.studeapps.ComponentsViewModelUITests;
				PRODUCT_NAME = "$(TARGET_NAME)";
				SWIFT_VERSION = 5.0;
				TARGETED_DEVICE_FAMILY = "1,2";
				TEST_TARGET_NAME = ComponentsViewModel;
			};
			name = Debug;
		};
		CA7E0A1A25DD59EE0062A02F /* Release */ = {
			isa = XCBuildConfiguration;
			buildSettings = {
				ALWAYS_EMBED_SWIFT_STANDARD_LIBRARIES = YES;
				CODE_SIGN_STYLE = Automatic;
				DEVELOPMENT_TEAM = UW69ZFFDZJ;
				INFOPLIST_FILE = ComponentsViewModelUITests/Info.plist;
				LD_RUNPATH_SEARCH_PATHS = (
					"$(inherited)",
					"@executable_path/Frameworks",
					"@loader_path/Frameworks",
				);
				PRODUCT_BUNDLE_IDENTIFIER = com.studeapps.ComponentsViewModelUITests;
				PRODUCT_NAME = "$(TARGET_NAME)";
				SWIFT_VERSION = 5.0;
				TARGETED_DEVICE_FAMILY = "1,2";
				TEST_TARGET_NAME = ComponentsViewModel;
			};
			name = Release;
		};
/* End XCBuildConfiguration section */

/* Begin XCConfigurationList section */
		CA7E09E325DD59E10062A02F /* Build configuration list for PBXProject "ComponentsViewModel" */ = {
			isa = XCConfigurationList;
			buildConfigurations = (
				CA7E0A1025DD59EE0062A02F /* Debug */,
				CA7E0A1125DD59EE0062A02F /* Release */,
			);
			defaultConfigurationIsVisible = 0;
			defaultConfigurationName = Release;
		};
		CA7E0A1225DD59EE0062A02F /* Build configuration list for PBXNativeTarget "ComponentsViewModel" */ = {
			isa = XCConfigurationList;
			buildConfigurations = (
				CA7E0A1325DD59EE0062A02F /* Debug */,
				CA7E0A1425DD59EE0062A02F /* Release */,
			);
			defaultConfigurationIsVisible = 0;
			defaultConfigurationName = Release;
		};
		CA7E0A1525DD59EE0062A02F /* Build configuration list for PBXNativeTarget "ComponentsViewModelTests" */ = {
			isa = XCConfigurationList;
			buildConfigurations = (
				CA7E0A1625DD59EE0062A02F /* Debug */,
				CA7E0A1725DD59EE0062A02F /* Release */,
			);
			defaultConfigurationIsVisible = 0;
			defaultConfigurationName = Release;
		};
		CA7E0A1825DD59EE0062A02F /* Build configuration list for PBXNativeTarget "ComponentsViewModelUITests" */ = {
			isa = XCConfigurationList;
			buildConfigurations = (
				CA7E0A1925DD59EE0062A02F /* Debug */,
				CA7E0A1A25DD59EE0062A02F /* Release */,
			);
			defaultConfigurationIsVisible = 0;
			defaultConfigurationName = Release;
		};
/* End XCConfigurationList section */
	};
	rootObject = CA7E09E025DD59E10062A02F /* Project object */;
}
