// !$*UTF8*$!
{
	archiveVersion = 1;
	classes = {
	};
	objectVersion = 50;
	objects = {

/* Begin PBXBuildFile section */
		CA183222256D4FB800DE427F /* AppDelegate.swift in Sources */ = {isa = PBXBuildFile; fileRef = CA183221256D4FB800DE427F /* AppDelegate.swift */; };
		CA183224256D4FB800DE427F /* SceneDelegate.swift in Sources */ = {isa = PBXBuildFile; fileRef = CA183223256D4FB800DE427F /* SceneDelegate.swift */; };
		CA183226256D4FB800DE427F /* ViewController.swift in Sources */ = {isa = PBXBuildFile; fileRef = CA183225256D4FB800DE427F /* ViewController.swift */; };
		CA18322B256D4FBA00DE427F /* Assets.xcassets in Resources */ = {isa = PBXBuildFile; fileRef = CA18322A256D4FBA00DE427F /* Assets.xcassets */; };
		CA18322E256D4FBA00DE427F /* LaunchScreen.storyboard in Resources */ = {isa = PBXBuildFile; fileRef = CA18322C256D4FBA00DE427F /* LaunchScreen.storyboard */; };
		CA183239256D4FBA00DE427F /* ProgrammaticUITableViewTests.swift in Sources */ = {isa = PBXBuildFile; fileRef = CA183238256D4FBA00DE427F /* ProgrammaticUITableViewTests.swift */; };
		CA183244256D4FBA00DE427F /* ProgrammaticUITableViewUITests.swift in Sources */ = {isa = PBXBuildFile; fileRef = CA183243256D4FBA00DE427F /* ProgrammaticUITableViewUITests.swift */; };
/* End PBXBuildFile section */

/* Begin PBXContainerItemProxy section */
		CA183235256D4FBA00DE427F /* PBXContainerItemProxy */ = {
			isa = PBXContainerItemProxy;
			containerPortal = CA183216256D4FB800DE427F /* Project object */;
			proxyType = 1;
			remoteGlobalIDString = CA18321D256D4FB800DE427F;
			remoteInfo = ProgrammaticUITableView;
		};
		CA183240256D4FBA00DE427F /* PBXContainerItemProxy */ = {
			isa = PBXContainerItemProxy;
			containerPortal = CA183216256D4FB800DE427F /* Project object */;
			proxyType = 1;
			remoteGlobalIDString = CA18321D256D4FB800DE427F;
			remoteInfo = ProgrammaticUITableView;
		};
/* End PBXContainerItemProxy section */

/* Begin PBXFileReference section */
		CA18321E256D4FB800DE427F /* ProgrammaticUITableView.app */ = {isa = PBXFileReference; explicitFileType = wrapper.application; includeInIndex = 0; path = ProgrammaticUITableView.app; sourceTree = BUILT_PRODUCTS_DIR; };
		CA183221256D4FB800DE427F /* AppDelegate.swift */ = {isa = PBXFileReference; lastKnownFileType = sourcecode.swift; path = AppDelegate.swift; sourceTree = "<group>"; };
		CA183223256D4FB800DE427F /* SceneDelegate.swift */ = {isa = PBXFileReference; lastKnownFileType = sourcecode.swift; path = SceneDelegate.swift; sourceTree = "<group>"; };
		CA183225256D4FB800DE427F /* ViewController.swift */ = {isa = PBXFileReference; lastKnownFileType = sourcecode.swift; path = ViewController.swift; sourceTree = "<group>"; };
		CA18322A256D4FBA00DE427F /* Assets.xcassets */ = {isa = PBXFileReference; lastKnownFileType = folder.assetcatalog; path = Assets.xcassets; sourceTree = "<group>"; };
		CA18322D256D4FBA00DE427F /* Base */ = {isa = PBXFileReference; lastKnownFileType = file.storyboard; name = Base; path = Base.lproj/LaunchScreen.storyboard; sourceTree = "<group>"; };
		CA18322F256D4FBA00DE427F /* Info.plist */ = {isa = PBXFileReference; lastKnownFileType = text.plist.xml; path = Info.plist; sourceTree = "<group>"; };
		CA183234256D4FBA00DE427F /* ProgrammaticUITableViewTests.xctest */ = {isa = PBXFileReference; explicitFileType = wrapper.cfbundle; includeInIndex = 0; path = ProgrammaticUITableViewTests.xctest; sourceTree = BUILT_PRODUCTS_DIR; };
		CA183238256D4FBA00DE427F /* ProgrammaticUITableViewTests.swift */ = {isa = PBXFileReference; lastKnownFileType = sourcecode.swift; path = ProgrammaticUITableViewTests.swift; sourceTree = "<group>"; };
		CA18323A256D4FBA00DE427F /* Info.plist */ = {isa = PBXFileReference; lastKnownFileType = text.plist.xml; path = Info.plist; sourceTree = "<group>"; };
		CA18323F256D4FBA00DE427F /* ProgrammaticUITableViewUITests.xctest */ = {isa = PBXFileReference; explicitFileType = wrapper.cfbundle; includeInIndex = 0; path = ProgrammaticUITableViewUITests.xctest; sourceTree = BUILT_PRODUCTS_DIR; };
		CA183243256D4FBA00DE427F /* ProgrammaticUITableViewUITests.swift */ = {isa = PBXFileReference; lastKnownFileType = sourcecode.swift; path = ProgrammaticUITableViewUITests.swift; sourceTree = "<group>"; };
		CA183245256D4FBA00DE427F /* Info.plist */ = {isa = PBXFileReference; lastKnownFileType = text.plist.xml; path = Info.plist; sourceTree = "<group>"; };
/* End PBXFileReference section */

/* Begin PBXFrameworksBuildPhase section */
		CA18321B256D4FB800DE427F /* Frameworks */ = {
			isa = PBXFrameworksBuildPhase;
			buildActionMask = 2147483647;
			files = (
			);
			runOnlyForDeploymentPostprocessing = 0;
		};
		CA183231256D4FBA00DE427F /* Frameworks */ = {
			isa = PBXFrameworksBuildPhase;
			buildActionMask = 2147483647;
			files = (
			);
			runOnlyForDeploymentPostprocessing = 0;
		};
		CA18323C256D4FBA00DE427F /* Frameworks */ = {
			isa = PBXFrameworksBuildPhase;
			buildActionMask = 2147483647;
			files = (
			);
			runOnlyForDeploymentPostprocessing = 0;
		};
/* End PBXFrameworksBuildPhase section */

/* Begin PBXGroup section */
		CA183215256D4FB800DE427F = {
			isa = PBXGroup;
			children = (
				CA183220256D4FB800DE427F /* ProgrammaticUITableView */,
				CA183237256D4FBA00DE427F /* ProgrammaticUITableViewTests */,
				CA183242256D4FBA00DE427F /* ProgrammaticUITableViewUITests */,
				CA18321F256D4FB800DE427F /* Products */,
			);
			sourceTree = "<group>";
		};
		CA18321F256D4FB800DE427F /* Products */ = {
			isa = PBXGroup;
			children = (
				CA18321E256D4FB800DE427F /* ProgrammaticUITableView.app */,
				CA183234256D4FBA00DE427F /* ProgrammaticUITableViewTests.xctest */,
				CA18323F256D4FBA00DE427F /* ProgrammaticUITableViewUITests.xctest */,
			);
			name = Products;
			sourceTree = "<group>";
		};
		CA183220256D4FB800DE427F /* ProgrammaticUITableView */ = {
			isa = PBXGroup;
			children = (
				CA183221256D4FB800DE427F /* AppDelegate.swift */,
				CA183223256D4FB800DE427F /* SceneDelegate.swift */,
				CA183225256D4FB800DE427F /* ViewController.swift */,
				CA18322A256D4FBA00DE427F /* Assets.xcassets */,
				CA18322C256D4FBA00DE427F /* LaunchScreen.storyboard */,
				CA18322F256D4FBA00DE427F /* Info.plist */,
			);
			path = ProgrammaticUITableView;
			sourceTree = "<group>";
		};
		CA183237256D4FBA00DE427F /* ProgrammaticUITableViewTests */ = {
			isa = PBXGroup;
			children = (
				CA183238256D4FBA00DE427F /* ProgrammaticUITableViewTests.swift */,
				CA18323A256D4FBA00DE427F /* Info.plist */,
			);
			path = ProgrammaticUITableViewTests;
			sourceTree = "<group>";
		};
		CA183242256D4FBA00DE427F /* ProgrammaticUITableViewUITests */ = {
			isa = PBXGroup;
			children = (
				CA183243256D4FBA00DE427F /* ProgrammaticUITableViewUITests.swift */,
				CA183245256D4FBA00DE427F /* Info.plist */,
			);
			path = ProgrammaticUITableViewUITests;
			sourceTree = "<group>";
		};
/* End PBXGroup section */

/* Begin PBXNativeTarget section */
		CA18321D256D4FB800DE427F /* ProgrammaticUITableView */ = {
			isa = PBXNativeTarget;
			buildConfigurationList = CA183248256D4FBA00DE427F /* Build configuration list for PBXNativeTarget "ProgrammaticUITableView" */;
			buildPhases = (
				CA18321A256D4FB800DE427F /* Sources */,
				CA18321B256D4FB800DE427F /* Frameworks */,
				CA18321C256D4FB800DE427F /* Resources */,
			);
			buildRules = (
			);
			dependencies = (
			);
			name = ProgrammaticUITableView;
			productName = ProgrammaticUITableView;
			productReference = CA18321E256D4FB800DE427F /* ProgrammaticUITableView.app */;
			productType = "com.apple.product-type.application";
		};
		CA183233256D4FBA00DE427F /* ProgrammaticUITableViewTests */ = {
			isa = PBXNativeTarget;
			buildConfigurationList = CA18324B256D4FBA00DE427F /* Build configuration list for PBXNativeTarget "ProgrammaticUITableViewTests" */;
			buildPhases = (
				CA183230256D4FBA00DE427F /* Sources */,
				CA183231256D4FBA00DE427F /* Frameworks */,
				CA183232256D4FBA00DE427F /* Resources */,
			);
			buildRules = (
			);
			dependencies = (
				CA183236256D4FBA00DE427F /* PBXTargetDependency */,
			);
			name = ProgrammaticUITableViewTests;
			productName = ProgrammaticUITableViewTests;
			productReference = CA183234256D4FBA00DE427F /* ProgrammaticUITableViewTests.xctest */;
			productType = "com.apple.product-type.bundle.unit-test";
		};
		CA18323E256D4FBA00DE427F /* ProgrammaticUITableViewUITests */ = {
			isa = PBXNativeTarget;
			buildConfigurationList = CA18324E256D4FBA00DE427F /* Build configuration list for PBXNativeTarget "ProgrammaticUITableViewUITests" */;
			buildPhases = (
				CA18323B256D4FBA00DE427F /* Sources */,
				CA18323C256D4FBA00DE427F /* Frameworks */,
				CA18323D256D4FBA00DE427F /* Resources */,
			);
			buildRules = (
			);
			dependencies = (
				CA183241256D4FBA00DE427F /* PBXTargetDependency */,
			);
			name = ProgrammaticUITableViewUITests;
			productName = ProgrammaticUITableViewUITests;
			productReference = CA18323F256D4FBA00DE427F /* ProgrammaticUITableViewUITests.xctest */;
			productType = "com.apple.product-type.bundle.ui-testing";
		};
/* End PBXNativeTarget section */

/* Begin PBXProject section */
		CA183216256D4FB800DE427F /* Project object */ = {
			isa = PBXProject;
			attributes = {
				LastSwiftUpdateCheck = 1220;
				LastUpgradeCheck = 1220;
				TargetAttributes = {
					CA18321D256D4FB800DE427F = {
						CreatedOnToolsVersion = 12.2;
					};
					CA183233256D4FBA00DE427F = {
						CreatedOnToolsVersion = 12.2;
						TestTargetID = CA18321D256D4FB800DE427F;
					};
					CA18323E256D4FBA00DE427F = {
						CreatedOnToolsVersion = 12.2;
						TestTargetID = CA18321D256D4FB800DE427F;
					};
				};
			};
			buildConfigurationList = CA183219256D4FB800DE427F /* Build configuration list for PBXProject "ProgrammaticUITableView" */;
			compatibilityVersion = "Xcode 9.3";
			developmentRegion = en;
			hasScannedForEncodings = 0;
			knownRegions = (
				en,
				Base,
			);
			mainGroup = CA183215256D4FB800DE427F;
			productRefGroup = CA18321F256D4FB800DE427F /* Products */;
			projectDirPath = "";
			projectRoot = "";
			targets = (
				CA18321D256D4FB800DE427F /* ProgrammaticUITableView */,
				CA183233256D4FBA00DE427F /* ProgrammaticUITableViewTests */,
				CA18323E256D4FBA00DE427F /* ProgrammaticUITableViewUITests */,
			);
		};
/* End PBXProject section */

/* Begin PBXResourcesBuildPhase section */
		CA18321C256D4FB800DE427F /* Resources */ = {
			isa = PBXResourcesBuildPhase;
			buildActionMask = 2147483647;
			files = (
				CA18322E256D4FBA00DE427F /* LaunchScreen.storyboard in Resources */,
				CA18322B256D4FBA00DE427F /* Assets.xcassets in Resources */,
			);
			runOnlyForDeploymentPostprocessing = 0;
		};
		CA183232256D4FBA00DE427F /* Resources */ = {
			isa = PBXResourcesBuildPhase;
			buildActionMask = 2147483647;
			files = (
			);
			runOnlyForDeploymentPostprocessing = 0;
		};
		CA18323D256D4FBA00DE427F /* Resources */ = {
			isa = PBXResourcesBuildPhase;
			buildActionMask = 2147483647;
			files = (
			);
			runOnlyForDeploymentPostprocessing = 0;
		};
/* End PBXResourcesBuildPhase section */

/* Begin PBXSourcesBuildPhase section */
		CA18321A256D4FB800DE427F /* Sources */ = {
			isa = PBXSourcesBuildPhase;
			buildActionMask = 2147483647;
			files = (
				CA183226256D4FB800DE427F /* ViewController.swift in Sources */,
				CA183222256D4FB800DE427F /* AppDelegate.swift in Sources */,
				CA183224256D4FB800DE427F /* SceneDelegate.swift in Sources */,
			);
			runOnlyForDeploymentPostprocessing = 0;
		};
		CA183230256D4FBA00DE427F /* Sources */ = {
			isa = PBXSourcesBuildPhase;
			buildActionMask = 2147483647;
			files = (
				CA183239256D4FBA00DE427F /* ProgrammaticUITableViewTests.swift in Sources */,
			);
			runOnlyForDeploymentPostprocessing = 0;
		};
		CA18323B256D4FBA00DE427F /* Sources */ = {
			isa = PBXSourcesBuildPhase;
			buildActionMask = 2147483647;
			files = (
				CA183244256D4FBA00DE427F /* ProgrammaticUITableViewUITests.swift in Sources */,
			);
			runOnlyForDeploymentPostprocessing = 0;
		};
/* End PBXSourcesBuildPhase section */

/* Begin PBXTargetDependency section */
		CA183236256D4FBA00DE427F /* PBXTargetDependency */ = {
			isa = PBXTargetDependency;
			target = CA18321D256D4FB800DE427F /* ProgrammaticUITableView */;
			targetProxy = CA183235256D4FBA00DE427F /* PBXContainerItemProxy */;
		};
		CA183241256D4FBA00DE427F /* PBXTargetDependency */ = {
			isa = PBXTargetDependency;
			target = CA18321D256D4FB800DE427F /* ProgrammaticUITableView */;
			targetProxy = CA183240256D4FBA00DE427F /* PBXContainerItemProxy */;
		};
/* End PBXTargetDependency section */

/* Begin PBXVariantGroup section */
		CA18322C256D4FBA00DE427F /* LaunchScreen.storyboard */ = {
			isa = PBXVariantGroup;
			children = (
				CA18322D256D4FBA00DE427F /* Base */,
			);
			name = LaunchScreen.storyboard;
			sourceTree = "<group>";
		};
/* End PBXVariantGroup section */

/* Begin XCBuildConfiguration section */
		CA183246256D4FBA00DE427F /* Debug */ = {
			isa = XCBuildConfiguration;
			buildSettings = {
				ALWAYS_SEARCH_USER_PATHS = NO;
				CLANG_ANALYZER_NONNULL = YES;
				CLANG_ANALYZER_NUMBER_OBJECT_CONVERSION = YES_AGGRESSIVE;
				CLANG_CXX_LANGUAGE_STANDARD = "gnu++14";
				CLANG_CXX_LIBRARY = "libc++";
				CLANG_ENABLE_MODULES = YES;
				CLANG_ENABLE_OBJC_ARC = YES;
				CLANG_ENABLE_OBJC_WEAK = YES;
				CLANG_WARN_BLOCK_CAPTURE_AUTORELEASING = YES;
				CLANG_WARN_BOOL_CONVERSION = YES;
				CLANG_WARN_COMMA = YES;
				CLANG_WARN_CONSTANT_CONVERSION = YES;
				CLANG_WARN_DEPRECATED_OBJC_IMPLEMENTATIONS = YES;
				CLANG_WARN_DIRECT_OBJC_ISA_USAGE = YES_ERROR;
				CLANG_WARN_DOCUMENTATION_COMMENTS = YES;
				CLANG_WARN_EMPTY_BODY = YES;
				CLANG_WARN_ENUM_CONVERSION = YES;
				CLANG_WARN_INFINITE_RECURSION = YES;
				CLANG_WARN_INT_CONVERSION = YES;
				CLANG_WARN_NON_LITERAL_NULL_CONVERSION = YES;
				CLANG_WARN_OBJC_IMPLICIT_RETAIN_SELF = YES;
				CLANG_WARN_OBJC_LITERAL_CONVERSION = YES;
				CLANG_WARN_OBJC_ROOT_CLASS = YES_ERROR;
				CLANG_WARN_QUOTED_INCLUDE_IN_FRAMEWORK_HEADER = YES;
				CLANG_WARN_RANGE_LOOP_ANALYSIS = YES;
				CLANG_WARN_STRICT_PROTOTYPES = YES;
				CLANG_WARN_SUSPICIOUS_MOVE = YES;
				CLANG_WARN_UNGUARDED_AVAILABILITY = YES_AGGRESSIVE;
				CLANG_WARN_UNREACHABLE_CODE = YES;
				CLANG_WARN__DUPLICATE_METHOD_MATCH = YES;
				COPY_PHASE_STRIP = NO;
				DEBUG_INFORMATION_FORMAT = dwarf;
				ENABLE_STRICT_OBJC_MSGSEND = YES;
				ENABLE_TESTABILITY = YES;
				GCC_C_LANGUAGE_STANDARD = gnu11;
				GCC_DYNAMIC_NO_PIC = NO;
				GCC_NO_COMMON_BLOCKS = YES;
				GCC_OPTIMIZATION_LEVEL = 0;
				GCC_PREPROCESSOR_DEFINITIONS = (
					"DEBUG=1",
					"$(inherited)",
				);
				GCC_WARN_64_TO_32_BIT_CONVERSION = YES;
				GCC_WARN_ABOUT_RETURN_TYPE = YES_ERROR;
				GCC_WARN_UNDECLARED_SELECTOR = YES;
				GCC_WARN_UNINITIALIZED_AUTOS = YES_AGGRESSIVE;
				GCC_WARN_UNUSED_FUNCTION = YES;
				GCC_WARN_UNUSED_VARIABLE = YES;
				IPHONEOS_DEPLOYMENT_TARGET = 14.2;
				MTL_ENABLE_DEBUG_INFO = INCLUDE_SOURCE;
				MTL_FAST_MATH = YES;
				ONLY_ACTIVE_ARCH = YES;
				SDKROOT = iphoneos;
				SWIFT_ACTIVE_COMPILATION_CONDITIONS = DEBUG;
				SWIFT_OPTIMIZATION_LEVEL = "-Onone";
			};
			name = Debug;
		};
		CA183247256D4FBA00DE427F /* Release */ = {
			isa = XCBuildConfiguration;
			buildSettings = {
				ALWAYS_SEARCH_USER_PATHS = NO;
				CLANG_ANALYZER_NONNULL = YES;
				CLANG_ANALYZER_NUMBER_OBJECT_CONVERSION = YES_AGGRESSIVE;
				CLANG_CXX_LANGUAGE_STANDARD = "gnu++14";
				CLANG_CXX_LIBRARY = "libc++";
				CLANG_ENABLE_MODULES = YES;
				CLANG_ENABLE_OBJC_ARC = YES;
				CLANG_ENABLE_OBJC_WEAK = YES;
				CLANG_WARN_BLOCK_CAPTURE_AUTORELEASING = YES;
				CLANG_WARN_BOOL_CONVERSION = YES;
				CLANG_WARN_COMMA = YES;
				CLANG_WARN_CONSTANT_CONVERSION = YES;
				CLANG_WARN_DEPRECATED_OBJC_IMPLEMENTATIONS = YES;
				CLANG_WARN_DIRECT_OBJC_ISA_USAGE = YES_ERROR;
				CLANG_WARN_DOCUMENTATION_COMMENTS = YES;
				CLANG_WARN_EMPTY_BODY = YES;
				CLANG_WARN_ENUM_CONVERSION = YES;
				CLANG_WARN_INFINITE_RECURSION = YES;
				CLANG_WARN_INT_CONVERSION = YES;
				CLANG_WARN_NON_LITERAL_NULL_CONVERSION = YES;
				CLANG_WARN_OBJC_IMPLICIT_RETAIN_SELF = YES;
				CLANG_WARN_OBJC_LITERAL_CONVERSION = YES;
				CLANG_WARN_OBJC_ROOT_CLASS = YES_ERROR;
				CLANG_WARN_QUOTED_INCLUDE_IN_FRAMEWORK_HEADER = YES;
				CLANG_WARN_RANGE_LOOP_ANALYSIS = YES;
				CLANG_WARN_STRICT_PROTOTYPES = YES;
				CLANG_WARN_SUSPICIOUS_MOVE = YES;
				CLANG_WARN_UNGUARDED_AVAILABILITY = YES_AGGRESSIVE;
				CLANG_WARN_UNREACHABLE_CODE = YES;
				CLANG_WARN__DUPLICATE_METHOD_MATCH = YES;
				COPY_PHASE_STRIP = NO;
				DEBUG_INFORMATION_FORMAT = "dwarf-with-dsym";
				ENABLE_NS_ASSERTIONS = NO;
				ENABLE_STRICT_OBJC_MSGSEND = YES;
				GCC_C_LANGUAGE_STANDARD = gnu11;
				GCC_NO_COMMON_BLOCKS = YES;
				GCC_WARN_64_TO_32_BIT_CONVERSION = YES;
				GCC_WARN_ABOUT_RETURN_TYPE = YES_ERROR;
				GCC_WARN_UNDECLARED_SELECTOR = YES;
				GCC_WARN_UNINITIALIZED_AUTOS = YES_AGGRESSIVE;
				GCC_WARN_UNUSED_FUNCTION = YES;
				GCC_WARN_UNUSED_VARIABLE = YES;
				IPHONEOS_DEPLOYMENT_TARGET = 14.2;
				MTL_ENABLE_DEBUG_INFO = NO;
				MTL_FAST_MATH = YES;
				SDKROOT = iphoneos;
				SWIFT_COMPILATION_MODE = wholemodule;
				SWIFT_OPTIMIZATION_LEVEL = "-O";
				VALIDATE_PRODUCT = YES;
			};
			name = Release;
		};
		CA183249256D4FBA00DE427F /* Debug */ = {
			isa = XCBuildConfiguration;
			buildSettings = {
				ASSETCATALOG_COMPILER_APPICON_NAME = AppIcon;
				ASSETCATALOG_COMPILER_GLOBAL_ACCENT_COLOR_NAME = AccentColor;
				CODE_SIGN_STYLE = Automatic;
				DEVELOPMENT_TEAM = UW69ZFFDZJ;
				INFOPLIST_FILE = ProgrammaticUITableView/Info.plist;
				LD_RUNPATH_SEARCH_PATHS = (
					"$(inherited)",
					"@executable_path/Frameworks",
				);
				PRODUCT_BUNDLE_IDENTIFIER = com.studeapps.ProgrammaticUITableView;
				PRODUCT_NAME = "$(TARGET_NAME)";
				SWIFT_VERSION = 5.0;
				TARGETED_DEVICE_FAMILY = "1,2";
			};
			name = Debug;
		};
		CA18324A256D4FBA00DE427F /* Release */ = {
			isa = XCBuildConfiguration;
			buildSettings = {
				ASSETCATALOG_COMPILER_APPICON_NAME = AppIcon;
				ASSETCATALOG_COMPILER_GLOBAL_ACCENT_COLOR_NAME = AccentColor;
				CODE_SIGN_STYLE = Automatic;
				DEVELOPMENT_TEAM = UW69ZFFDZJ;
				INFOPLIST_FILE = ProgrammaticUITableView/Info.plist;
				LD_RUNPATH_SEARCH_PATHS = (
					"$(inherited)",
					"@executable_path/Frameworks",
				);
				PRODUCT_BUNDLE_IDENTIFIER = com.studeapps.ProgrammaticUITableView;
				PRODUCT_NAME = "$(TARGET_NAME)";
				SWIFT_VERSION = 5.0;
				TARGETED_DEVICE_FAMILY = "1,2";
			};
			name = Release;
		};
		CA18324C256D4FBA00DE427F /* Debug */ = {
			isa = XCBuildConfiguration;
			buildSettings = {
				ALWAYS_EMBED_SWIFT_STANDARD_LIBRARIES = YES;
				BUNDLE_LOADER = "$(TEST_HOST)";
				CODE_SIGN_STYLE = Automatic;
				DEVELOPMENT_TEAM = UW69ZFFDZJ;
				INFOPLIST_FILE = ProgrammaticUITableViewTests/Info.plist;
				IPHONEOS_DEPLOYMENT_TARGET = 14.2;
				LD_RUNPATH_SEARCH_PATHS = (
					"$(inherited)",
					"@executable_path/Frameworks",
					"@loader_path/Frameworks",
				);
				PRODUCT_BUNDLE_IDENTIFIER = com.studeapps.ProgrammaticUITableViewTests;
				PRODUCT_NAME = "$(TARGET_NAME)";
				SWIFT_VERSION = 5.0;
				TARGETED_DEVICE_FAMILY = "1,2";
				TEST_HOST = "$(BUILT_PRODUCTS_DIR)/ProgrammaticUITableView.app/ProgrammaticUITableView";
			};
			name = Debug;
		};
		CA18324D256D4FBA00DE427F /* Release */ = {
			isa = XCBuildConfiguration;
			buildSettings = {
				ALWAYS_EMBED_SWIFT_STANDARD_LIBRARIES = YES;
				BUNDLE_LOADER = "$(TEST_HOST)";
				CODE_SIGN_STYLE = Automatic;
				DEVELOPMENT_TEAM = UW69ZFFDZJ;
				INFOPLIST_FILE = ProgrammaticUITableViewTests/Info.plist;
				IPHONEOS_DEPLOYMENT_TARGET = 14.2;
				LD_RUNPATH_SEARCH_PATHS = (
					"$(inherited)",
					"@executable_path/Frameworks",
					"@loader_path/Frameworks",
				);
				PRODUCT_BUNDLE_IDENTIFIER = com.studeapps.ProgrammaticUITableViewTests;
				PRODUCT_NAME = "$(TARGET_NAME)";
				SWIFT_VERSION = 5.0;
				TARGETED_DEVICE_FAMILY = "1,2";
				TEST_HOST = "$(BUILT_PRODUCTS_DIR)/ProgrammaticUITableView.app/ProgrammaticUITableView";
			};
			name = Release;
		};
		CA18324F256D4FBA00DE427F /* Debug */ = {
			isa = XCBuildConfiguration;
			buildSettings = {
				ALWAYS_EMBED_SWIFT_STANDARD_LIBRARIES = YES;
				CODE_SIGN_STYLE = Automatic;
				DEVELOPMENT_TEAM = UW69ZFFDZJ;
				INFOPLIST_FILE = ProgrammaticUITableViewUITests/Info.plist;
				LD_RUNPATH_SEARCH_PATHS = (
					"$(inherited)",
					"@executable_path/Frameworks",
					"@loader_path/Frameworks",
				);
				PRODUCT_BUNDLE_IDENTIFIER = com.studeapps.ProgrammaticUITableViewUITests;
				PRODUCT_NAME = "$(TARGET_NAME)";
				SWIFT_VERSION = 5.0;
				TARGETED_DEVICE_FAMILY = "1,2";
				TEST_TARGET_NAME = ProgrammaticUITableView;
			};
			name = Debug;
		};
		CA183250256D4FBA00DE427F /* Release */ = {
			isa = XCBuildConfiguration;
			buildSettings = {
				ALWAYS_EMBED_SWIFT_STANDARD_LIBRARIES = YES;
				CODE_SIGN_STYLE = Automatic;
				DEVELOPMENT_TEAM = UW69ZFFDZJ;
				INFOPLIST_FILE = ProgrammaticUITableViewUITests/Info.plist;
				LD_RUNPATH_SEARCH_PATHS = (
					"$(inherited)",
					"@executable_path/Frameworks",
					"@loader_path/Frameworks",
				);
				PRODUCT_BUNDLE_IDENTIFIER = com.studeapps.ProgrammaticUITableViewUITests;
				PRODUCT_NAME = "$(TARGET_NAME)";
				SWIFT_VERSION = 5.0;
				TARGETED_DEVICE_FAMILY = "1,2";
				TEST_TARGET_NAME = ProgrammaticUITableView;
			};
			name = Release;
		};
/* End XCBuildConfiguration section */

/* Begin XCConfigurationList section */
		CA183219256D4FB800DE427F /* Build configuration list for PBXProject "ProgrammaticUITableView" */ = {
			isa = XCConfigurationList;
			buildConfigurations = (
				CA183246256D4FBA00DE427F /* Debug */,
				CA183247256D4FBA00DE427F /* Release */,
			);
			defaultConfigurationIsVisible = 0;
			defaultConfigurationName = Release;
		};
		CA183248256D4FBA00DE427F /* Build configuration list for PBXNativeTarget "ProgrammaticUITableView" */ = {
			isa = XCConfigurationList;
			buildConfigurations = (
				CA183249256D4FBA00DE427F /* Debug */,
				CA18324A256D4FBA00DE427F /* Release */,
			);
			defaultConfigurationIsVisible = 0;
			defaultConfigurationName = Release;
		};
		CA18324B256D4FBA00DE427F /* Build configuration list for PBXNativeTarget "ProgrammaticUITableViewTests" */ = {
			isa = XCConfigurationList;
			buildConfigurations = (
				CA18324C256D4FBA00DE427F /* Debug */,
				CA18324D256D4FBA00DE427F /* Release */,
			);
			defaultConfigurationIsVisible = 0;
			defaultConfigurationName = Release;
		};
		CA18324E256D4FBA00DE427F /* Build configuration list for PBXNativeTarget "ProgrammaticUITableViewUITests" */ = {
			isa = XCConfigurationList;
			buildConfigurations = (
				CA18324F256D4FBA00DE427F /* Debug */,
				CA183250256D4FBA00DE427F /* Release */,
			);
			defaultConfigurationIsVisible = 0;
			defaultConfigurationName = Release;
		};
/* End XCConfigurationList section */
	};
	rootObject = CA183216256D4FB800DE427F /* Project object */;
}
