// !$*UTF8*$!
{
	archiveVersion = 1;
	classes = {
	};
	objectVersion = 77;
	objects = {

/* Begin PBXContainerItemProxy section */
		CAD4A5122CCBDE140028B1F2 /* PBXContainerItemProxy */ = {
			isa = PBXContainerItemProxy;
			containerPortal = CAD4A4F92CCBDE120028B1F2 /* Project object */;
			proxyType = 1;
			remoteGlobalIDString = CAD4A5002CCBDE120028B1F2;
			remoteInfo = UsingEnvironmentVariables;
		};
		CAD4A51C2CCBDE140028B1F2 /* PBXContainerItemProxy */ = {
			isa = PBXContainerItemProxy;
			containerPortal = CAD4A4F92CCBDE120028B1F2 /* Project object */;
			proxyType = 1;
			remoteGlobalIDString = CAD4A5002CCBDE120028B1F2;
			remoteInfo = UsingEnvironmentVariables;
		};
/* End PBXContainerItemProxy section */

/* Begin PBXFileReference section */
		CAD4A5012CCBDE120028B1F2 /* UsingEnvironmentVariables.app */ = {isa = PBXFileReference; explicitFileType = wrapper.application; includeInIndex = 0; path = UsingEnvironmentVariables.app; sourceTree = BUILT_PRODUCTS_DIR; };
		CAD4A5112CCBDE140028B1F2 /* UsingEnvironmentVariablesTests.xctest */ = {isa = PBXFileReference; explicitFileType = wrapper.cfbundle; includeInIndex = 0; path = UsingEnvironmentVariablesTests.xctest; sourceTree = BUILT_PRODUCTS_DIR; };
		CAD4A51B2CCBDE140028B1F2 /* UsingEnvironmentVariablesUITests.xctest */ = {isa = PBXFileReference; explicitFileType = wrapper.cfbundle; includeInIndex = 0; path = UsingEnvironmentVariablesUITests.xctest; sourceTree = BUILT_PRODUCTS_DIR; };
/* End PBXFileReference section */

/* Begin PBXFileSystemSynchronizedRootGroup section */
		CAD4A5032CCBDE120028B1F2 /* UsingEnvironmentVariables */ = {
			isa = PBXFileSystemSynchronizedRootGroup;
			path = UsingEnvironmentVariables;
			sourceTree = "<group>";
		};
		CAD4A5142CCBDE140028B1F2 /* UsingEnvironmentVariablesTests */ = {
			isa = PBXFileSystemSynchronizedRootGroup;
			path = UsingEnvironmentVariablesTests;
			sourceTree = "<group>";
		};
		CAD4A51E2CCBDE140028B1F2 /* UsingEnvironmentVariablesUITests */ = {
			isa = PBXFileSystemSynchronizedRootGroup;
			path = UsingEnvironmentVariablesUITests;
			sourceTree = "<group>";
		};
/* End PBXFileSystemSynchronizedRootGroup section */

/* Begin PBXFrameworksBuildPhase section */
		CAD4A4FE2CCBDE120028B1F2 /* Frameworks */ = {
			isa = PBXFrameworksBuildPhase;
			buildActionMask = 2147483647;
			files = (
			);
			runOnlyForDeploymentPostprocessing = 0;
		};
		CAD4A50E2CCBDE140028B1F2 /* Frameworks */ = {
			isa = PBXFrameworksBuildPhase;
			buildActionMask = 2147483647;
			files = (
			);
			runOnlyForDeploymentPostprocessing = 0;
		};
		CAD4A5182CCBDE140028B1F2 /* Frameworks */ = {
			isa = PBXFrameworksBuildPhase;
			buildActionMask = 2147483647;
			files = (
			);
			runOnlyForDeploymentPostprocessing = 0;
		};
/* End PBXFrameworksBuildPhase section */

/* Begin PBXGroup section */
		CAD4A4F82CCBDE120028B1F2 = {
			isa = PBXGroup;
			children = (
				CAD4A5032CCBDE120028B1F2 /* UsingEnvironmentVariables */,
				CAD4A5142CCBDE140028B1F2 /* UsingEnvironmentVariablesTests */,
				CAD4A51E2CCBDE140028B1F2 /* UsingEnvironmentVariablesUITests */,
				CAD4A5022CCBDE120028B1F2 /* Products */,
			);
			sourceTree = "<group>";
		};
		CAD4A5022CCBDE120028B1F2 /* Products */ = {
			isa = PBXGroup;
			children = (
				CAD4A5012CCBDE120028B1F2 /* UsingEnvironmentVariables.app */,
				CAD4A5112CCBDE140028B1F2 /* UsingEnvironmentVariablesTests.xctest */,
				CAD4A51B2CCBDE140028B1F2 /* UsingEnvironmentVariablesUITests.xctest */,
			);
			name = Products;
			sourceTree = "<group>";
		};
/* End PBXGroup section */

/* Begin PBXNativeTarget section */
		CAD4A5002CCBDE120028B1F2 /* UsingEnvironmentVariables */ = {
			isa = PBXNativeTarget;
			buildConfigurationList = CAD4A5252CCBDE140028B1F2 /* Build configuration list for PBXNativeTarget "UsingEnvironmentVariables" */;
			buildPhases = (
				CAD4A4FD2CCBDE120028B1F2 /* Sources */,
				CAD4A4FE2CCBDE120028B1F2 /* Frameworks */,
				CAD4A4FF2CCBDE120028B1F2 /* Resources */,
			);
			buildRules = (
			);
			dependencies = (
			);
			fileSystemSynchronizedGroups = (
				CAD4A5032CCBDE120028B1F2 /* UsingEnvironmentVariables */,
			);
			name = UsingEnvironmentVariables;
			packageProductDependencies = (
			);
			productName = UsingEnvironmentVariables;
			productReference = CAD4A5012CCBDE120028B1F2 /* UsingEnvironmentVariables.app */;
			productType = "com.apple.product-type.application";
		};
		CAD4A5102CCBDE140028B1F2 /* UsingEnvironmentVariablesTests */ = {
			isa = PBXNativeTarget;
			buildConfigurationList = CAD4A5282CCBDE140028B1F2 /* Build configuration list for PBXNativeTarget "UsingEnvironmentVariablesTests" */;
			buildPhases = (
				CAD4A50D2CCBDE140028B1F2 /* Sources */,
				CAD4A50E2CCBDE140028B1F2 /* Frameworks */,
				CAD4A50F2CCBDE140028B1F2 /* Resources */,
			);
			buildRules = (
			);
			dependencies = (
				CAD4A5132CCBDE140028B1F2 /* PBXTargetDependency */,
			);
			fileSystemSynchronizedGroups = (
				CAD4A5142CCBDE140028B1F2 /* UsingEnvironmentVariablesTests */,
			);
			name = UsingEnvironmentVariablesTests;
			packageProductDependencies = (
			);
			productName = UsingEnvironmentVariablesTests;
			productReference = CAD4A5112CCBDE140028B1F2 /* UsingEnvironmentVariablesTests.xctest */;
			productType = "com.apple.product-type.bundle.unit-test";
		};
		CAD4A51A2CCBDE140028B1F2 /* UsingEnvironmentVariablesUITests */ = {
			isa = PBXNativeTarget;
			buildConfigurationList = CAD4A52B2CCBDE140028B1F2 /* Build configuration list for PBXNativeTarget "UsingEnvironmentVariablesUITests" */;
			buildPhases = (
				CAD4A5172CCBDE140028B1F2 /* Sources */,
				CAD4A5182CCBDE140028B1F2 /* Frameworks */,
				CAD4A5192CCBDE140028B1F2 /* Resources */,
			);
			buildRules = (
			);
			dependencies = (
				CAD4A51D2CCBDE140028B1F2 /* PBXTargetDependency */,
			);
			fileSystemSynchronizedGroups = (
				CAD4A51E2CCBDE140028B1F2 /* UsingEnvironmentVariablesUITests */,
			);
			name = UsingEnvironmentVariablesUITests;
			packageProductDependencies = (
			);
			productName = UsingEnvironmentVariablesUITests;
			productReference = CAD4A51B2CCBDE140028B1F2 /* UsingEnvironmentVariablesUITests.xctest */;
			productType = "com.apple.product-type.bundle.ui-testing";
		};
/* End PBXNativeTarget section */

/* Begin PBXProject section */
		CAD4A4F92CCBDE120028B1F2 /* Project object */ = {
			isa = PBXProject;
			attributes = {
				BuildIndependentTargetsInParallel = 1;
				LastSwiftUpdateCheck = 1600;
				LastUpgradeCheck = 1600;
				TargetAttributes = {
					CAD4A5002CCBDE120028B1F2 = {
						CreatedOnToolsVersion = 16.0;
					};
					CAD4A5102CCBDE140028B1F2 = {
						CreatedOnToolsVersion = 16.0;
						TestTargetID = CAD4A5002CCBDE120028B1F2;
					};
					CAD4A51A2CCBDE140028B1F2 = {
						CreatedOnToolsVersion = 16.0;
						TestTargetID = CAD4A5002CCBDE120028B1F2;
					};
				};
			};
			buildConfigurationList = CAD4A4FC2CCBDE120028B1F2 /* Build configuration list for PBXProject "UsingEnvironmentVariables" */;
			developmentRegion = en;
			hasScannedForEncodings = 0;
			knownRegions = (
				en,
				Base,
			);
			mainGroup = CAD4A4F82CCBDE120028B1F2;
			minimizedProjectReferenceProxies = 1;
			preferredProjectObjectVersion = 77;
			productRefGroup = CAD4A5022CCBDE120028B1F2 /* Products */;
			projectDirPath = "";
			projectRoot = "";
			targets = (
				CAD4A5002CCBDE120028B1F2 /* UsingEnvironmentVariables */,
				CAD4A5102CCBDE140028B1F2 /* UsingEnvironmentVariablesTests */,
				CAD4A51A2CCBDE140028B1F2 /* UsingEnvironmentVariablesUITests */,
			);
		};
/* End PBXProject section */

/* Begin PBXResourcesBuildPhase section */
		CAD4A4FF2CCBDE120028B1F2 /* Resources */ = {
			isa = PBXResourcesBuildPhase;
			buildActionMask = 2147483647;
			files = (
			);
			runOnlyForDeploymentPostprocessing = 0;
		};
		CAD4A50F2CCBDE140028B1F2 /* Resources */ = {
			isa = PBXResourcesBuildPhase;
			buildActionMask = 2147483647;
			files = (
			);
			runOnlyForDeploymentPostprocessing = 0;
		};
		CAD4A5192CCBDE140028B1F2 /* Resources */ = {
			isa = PBXResourcesBuildPhase;
			buildActionMask = 2147483647;
			files = (
			);
			runOnlyForDeploymentPostprocessing = 0;
		};
/* End PBXResourcesBuildPhase section */

/* Begin PBXSourcesBuildPhase section */
		CAD4A4FD2CCBDE120028B1F2 /* Sources */ = {
			isa = PBXSourcesBuildPhase;
			buildActionMask = 2147483647;
			files = (
			);
			runOnlyForDeploymentPostprocessing = 0;
		};
		CAD4A50D2CCBDE140028B1F2 /* Sources */ = {
			isa = PBXSourcesBuildPhase;
			buildActionMask = 2147483647;
			files = (
			);
			runOnlyForDeploymentPostprocessing = 0;
		};
		CAD4A5172CCBDE140028B1F2 /* Sources */ = {
			isa = PBXSourcesBuildPhase;
			buildActionMask = 2147483647;
			files = (
			);
			runOnlyForDeploymentPostprocessing = 0;
		};
/* End PBXSourcesBuildPhase section */

/* Begin PBXTargetDependency section */
		CAD4A5132CCBDE140028B1F2 /* PBXTargetDependency */ = {
			isa = PBXTargetDependency;
			target = CAD4A5002CCBDE120028B1F2 /* UsingEnvironmentVariables */;
			targetProxy = CAD4A5122CCBDE140028B1F2 /* PBXContainerItemProxy */;
		};
		CAD4A51D2CCBDE140028B1F2 /* PBXTargetDependency */ = {
			isa = PBXTargetDependency;
			target = CAD4A5002CCBDE120028B1F2 /* UsingEnvironmentVariables */;
			targetProxy = CAD4A51C2CCBDE140028B1F2 /* PBXContainerItemProxy */;
		};
/* End PBXTargetDependency section */

/* Begin XCBuildConfiguration section */
		CAD4A5232CCBDE140028B1F2 /* Debug */ = {
			isa = XCBuildConfiguration;
			buildSettings = {
				ALWAYS_SEARCH_USER_PATHS = NO;
				ASSETCATALOG_COMPILER_GENERATE_SWIFT_ASSET_SYMBOL_EXTENSIONS = YES;
				CLANG_ANALYZER_NONNULL = YES;
				CLANG_ANALYZER_NUMBER_OBJECT_CONVERSION = YES_AGGRESSIVE;
				CLANG_CXX_LANGUAGE_STANDARD = "gnu++20";
				CLANG_ENABLE_MODULES = YES;
				CLANG_ENABLE_OBJC_ARC = YES;
				CLANG_ENABLE_OBJC_WEAK = YES;
				CLANG_WARN_BLOCK_CAPTURE_AUTORELEASING = YES;
				CLANG_WARN_BOOL_CONVERSION = YES;
				CLANG_WARN_COMMA = YES;
				CLANG_WARN_CONSTANT_CONVERSION = YES;
				CLANG_WARN_DEPRECATED_OBJC_IMPLEMENTATIONS = YES;
				CLANG_WARN_DIRECT_OBJC_ISA_USAGE = YES_ERROR;
				CLANG_WARN_DOCUMENTATION_COMMENTS = YES;
				CLANG_WARN_EMPTY_BODY = YES;
				CLANG_WARN_ENUM_CONVERSION = YES;
				CLANG_WARN_INFINITE_RECURSION = YES;
				CLANG_WARN_INT_CONVERSION = YES;
				CLANG_WARN_NON_LITERAL_NULL_CONVERSION = YES;
				CLANG_WARN_OBJC_IMPLICIT_RETAIN_SELF = YES;
				CLANG_WARN_OBJC_LITERAL_CONVERSION = YES;
				CLANG_WARN_OBJC_ROOT_CLASS = YES_ERROR;
				CLANG_WARN_QUOTED_INCLUDE_IN_FRAMEWORK_HEADER = YES;
				CLANG_WARN_RANGE_LOOP_ANALYSIS = YES;
				CLANG_WARN_STRICT_PROTOTYPES = YES;
				CLANG_WARN_SUSPICIOUS_MOVE = YES;
				CLANG_WARN_UNGUARDED_AVAILABILITY = YES_AGGRESSIVE;
				CLANG_WARN_UNREACHABLE_CODE = YES;
				CLANG_WARN__DUPLICATE_METHOD_MATCH = YES;
				COPY_PHASE_STRIP = NO;
				DEBUG_INFORMATION_FORMAT = dwarf;
				ENABLE_STRICT_OBJC_MSGSEND = YES;
				ENABLE_TESTABILITY = YES;
				ENABLE_USER_SCRIPT_SANDBOXING = YES;
				GCC_C_LANGUAGE_STANDARD = gnu17;
				GCC_DYNAMIC_NO_PIC = NO;
				GCC_NO_COMMON_BLOCKS = YES;
				GCC_OPTIMIZATION_LEVEL = 0;
				GCC_PREPROCESSOR_DEFINITIONS = (
					"DEBUG=1",
					"$(inherited)",
				);
				GCC_WARN_64_TO_32_BIT_CONVERSION = YES;
				GCC_WARN_ABOUT_RETURN_TYPE = YES_ERROR;
				GCC_WARN_UNDECLARED_SELECTOR = YES;
				GCC_WARN_UNINITIALIZED_AUTOS = YES_AGGRESSIVE;
				GCC_WARN_UNUSED_FUNCTION = YES;
				GCC_WARN_UNUSED_VARIABLE = YES;
				IPHONEOS_DEPLOYMENT_TARGET = 18.0;
				LOCALIZATION_PREFERS_STRING_CATALOGS = YES;
				MTL_ENABLE_DEBUG_INFO = INCLUDE_SOURCE;
				MTL_FAST_MATH = YES;
				ONLY_ACTIVE_ARCH = YES;
				SDKROOT = iphoneos;
				SWIFT_ACTIVE_COMPILATION_CONDITIONS = "DEBUG $(inherited)";
				SWIFT_OPTIMIZATION_LEVEL = "-Onone";
			};
			name = Debug;
		};
		CAD4A5242CCBDE140028B1F2 /* Release */ = {
			isa = XCBuildConfiguration;
			buildSettings = {
				ALWAYS_SEARCH_USER_PATHS = NO;
				ASSETCATALOG_COMPILER_GENERATE_SWIFT_ASSET_SYMBOL_EXTENSIONS = YES;
				CLANG_ANALYZER_NONNULL = YES;
				CLANG_ANALYZER_NUMBER_OBJECT_CONVERSION = YES_AGGRESSIVE;
				CLANG_CXX_LANGUAGE_STANDARD = "gnu++20";
				CLANG_ENABLE_MODULES = YES;
				CLANG_ENABLE_OBJC_ARC = YES;
				CLANG_ENABLE_OBJC_WEAK = YES;
				CLANG_WARN_BLOCK_CAPTURE_AUTORELEASING = YES;
				CLANG_WARN_BOOL_CONVERSION = YES;
				CLANG_WARN_COMMA = YES;
				CLANG_WARN_CONSTANT_CONVERSION = YES;
				CLANG_WARN_DEPRECATED_OBJC_IMPLEMENTATIONS = YES;
				CLANG_WARN_DIRECT_OBJC_ISA_USAGE = YES_ERROR;
				CLANG_WARN_DOCUMENTATION_COMMENTS = YES;
				CLANG_WARN_EMPTY_BODY = YES;
				CLANG_WARN_ENUM_CONVERSION = YES;
				CLANG_WARN_INFINITE_RECURSION = YES;
				CLANG_WARN_INT_CONVERSION = YES;
				CLANG_WARN_NON_LITERAL_NULL_CONVERSION = YES;
				CLANG_WARN_OBJC_IMPLICIT_RETAIN_SELF = YES;
				CLANG_WARN_OBJC_LITERAL_CONVERSION = YES;
				CLANG_WARN_OBJC_ROOT_CLASS = YES_ERROR;
				CLANG_WARN_QUOTED_INCLUDE_IN_FRAMEWORK_HEADER = YES;
				CLANG_WARN_RANGE_LOOP_ANALYSIS = YES;
				CLANG_WARN_STRICT_PROTOTYPES = YES;
				CLANG_WARN_SUSPICIOUS_MOVE = YES;
				CLANG_WARN_UNGUARDED_AVAILABILITY = YES_AGGRESSIVE;
				CLANG_WARN_UNREACHABLE_CODE = YES;
				CLANG_WARN__DUPLICATE_METHOD_MATCH = YES;
				COPY_PHASE_STRIP = NO;
				DEBUG_INFORMATION_FORMAT = "dwarf-with-dsym";
				ENABLE_NS_ASSERTIONS = NO;
				ENABLE_STRICT_OBJC_MSGSEND = YES;
				ENABLE_USER_SCRIPT_SANDBOXING = YES;
				GCC_C_LANGUAGE_STANDARD = gnu17;
				GCC_NO_COMMON_BLOCKS = YES;
				GCC_WARN_64_TO_32_BIT_CONVERSION = YES;
				GCC_WARN_ABOUT_RETURN_TYPE = YES_ERROR;
				GCC_WARN_UNDECLARED_SELECTOR = YES;
				GCC_WARN_UNINITIALIZED_AUTOS = YES_AGGRESSIVE;
				GCC_WARN_UNUSED_FUNCTION = YES;
				GCC_WARN_UNUSED_VARIABLE = YES;
				IPHONEOS_DEPLOYMENT_TARGET = 18.0;
				LOCALIZATION_PREFERS_STRING_CATALOGS = YES;
				MTL_ENABLE_DEBUG_INFO = NO;
				MTL_FAST_MATH = YES;
				SDKROOT = iphoneos;
				SWIFT_COMPILATION_MODE = wholemodule;
				VALIDATE_PRODUCT = YES;
			};
			name = Release;
		};
		CAD4A5262CCBDE140028B1F2 /* Debug */ = {
			isa = XCBuildConfiguration;
			buildSettings = {
				ASSETCATALOG_COMPILER_APPICON_NAME = AppIcon;
				ASSETCATALOG_COMPILER_GLOBAL_ACCENT_COLOR_NAME = AccentColor;
				CODE_SIGN_STYLE = Automatic;
				CURRENT_PROJECT_VERSION = 1;
				DEVELOPMENT_ASSET_PATHS = "\"UsingEnvironmentVariables/Preview Content\"";
				DEVELOPMENT_TEAM = UW69ZFFDZJ;
				ENABLE_PREVIEWS = YES;
				GENERATE_INFOPLIST_FILE = YES;
				INFOPLIST_KEY_UIApplicationSceneManifest_Generation = YES;
				INFOPLIST_KEY_UIApplicationSupportsIndirectInputEvents = YES;
				INFOPLIST_KEY_UILaunchScreen_Generation = YES;
				INFOPLIST_KEY_UISupportedInterfaceOrientations_iPad = "UIInterfaceOrientationPortrait UIInterfaceOrientationPortraitUpsideDown UIInterfaceOrientationLandscapeLeft UIInterfaceOrientationLandscapeRight";
				INFOPLIST_KEY_UISupportedInterfaceOrientations_iPhone = "UIInterfaceOrientationPortrait UIInterfaceOrientationLandscapeLeft UIInterfaceOrientationLandscapeRight";
				LD_RUNPATH_SEARCH_PATHS = (
					"$(inherited)",
					"@executable_path/Frameworks",
				);
				MARKETING_VERSION = 1.0;
				PRODUCT_BUNDLE_IDENTIFIER = com.studeapps.UsingEnvironmentVariables;
				PRODUCT_NAME = "$(TARGET_NAME)";
				SWIFT_EMIT_LOC_STRINGS = YES;
				SWIFT_VERSION = 5.0;
				TARGETED_DEVICE_FAMILY = "1,2";
			};
			name = Debug;
		};
		CAD4A5272CCBDE140028B1F2 /* Release */ = {
			isa = XCBuildConfiguration;
			buildSettings = {
				ASSETCATALOG_COMPILER_APPICON_NAME = AppIcon;
				ASSETCATALOG_COMPILER_GLOBAL_ACCENT_COLOR_NAME = AccentColor;
				CODE_SIGN_STYLE = Automatic;
				CURRENT_PROJECT_VERSION = 1;
				DEVELOPMENT_ASSET_PATHS = "\"UsingEnvironmentVariables/Preview Content\"";
				DEVELOPMENT_TEAM = UW69ZFFDZJ;
				ENABLE_PREVIEWS = YES;
				GENERATE_INFOPLIST_FILE = YES;
				INFOPLIST_KEY_UIApplicationSceneManifest_Generation = YES;
				INFOPLIST_KEY_UIApplicationSupportsIndirectInputEvents = YES;
				INFOPLIST_KEY_UILaunchScreen_Generation = YES;
				INFOPLIST_KEY_UISupportedInterfaceOrientations_iPad = "UIInterfaceOrientationPortrait UIInterfaceOrientationPortraitUpsideDown UIInterfaceOrientationLandscapeLeft UIInterfaceOrientationLandscapeRight";
				INFOPLIST_KEY_UISupportedInterfaceOrientations_iPhone = "UIInterfaceOrientationPortrait UIInterfaceOrientationLandscapeLeft UIInterfaceOrientationLandscapeRight";
				LD_RUNPATH_SEARCH_PATHS = (
					"$(inherited)",
					"@executable_path/Frameworks",
				);
				MARKETING_VERSION = 1.0;
				PRODUCT_BUNDLE_IDENTIFIER = com.studeapps.UsingEnvironmentVariables;
				PRODUCT_NAME = "$(TARGET_NAME)";
				SWIFT_EMIT_LOC_STRINGS = YES;
				SWIFT_VERSION = 5.0;
				TARGETED_DEVICE_FAMILY = "1,2";
			};
			name = Release;
		};
		CAD4A5292CCBDE140028B1F2 /* Debug */ = {
			isa = XCBuildConfiguration;
			buildSettings = {
				BUNDLE_LOADER = "$(TEST_HOST)";
				CODE_SIGN_STYLE = Automatic;
				CURRENT_PROJECT_VERSION = 1;
				GENERATE_INFOPLIST_FILE = YES;
				IPHONEOS_DEPLOYMENT_TARGET = 18.0;
				MARKETING_VERSION = 1.0;
				PRODUCT_BUNDLE_IDENTIFIER = com.studeapps.UsingEnvironmentVariablesTests;
				PRODUCT_NAME = "$(TARGET_NAME)";
				SWIFT_EMIT_LOC_STRINGS = NO;
				SWIFT_VERSION = 5.0;
				TARGETED_DEVICE_FAMILY = "1,2";
				TEST_HOST = "$(BUILT_PRODUCTS_DIR)/UsingEnvironmentVariables.app/$(BUNDLE_EXECUTABLE_FOLDER_PATH)/UsingEnvironmentVariables";
			};
			name = Debug;
		};
		CAD4A52A2CCBDE140028B1F2 /* Release */ = {
			isa = XCBuildConfiguration;
			buildSettings = {
				BUNDLE_LOADER = "$(TEST_HOST)";
				CODE_SIGN_STYLE = Automatic;
				CURRENT_PROJECT_VERSION = 1;
				GENERATE_INFOPLIST_FILE = YES;
				IPHONEOS_DEPLOYMENT_TARGET = 18.0;
				MARKETING_VERSION = 1.0;
				PRODUCT_BUNDLE_IDENTIFIER = com.studeapps.UsingEnvironmentVariablesTests;
				PRODUCT_NAME = "$(TARGET_NAME)";
				SWIFT_EMIT_LOC_STRINGS = NO;
				SWIFT_VERSION = 5.0;
				TARGETED_DEVICE_FAMILY = "1,2";
				TEST_HOST = "$(BUILT_PRODUCTS_DIR)/UsingEnvironmentVariables.app/$(BUNDLE_EXECUTABLE_FOLDER_PATH)/UsingEnvironmentVariables";
			};
			name = Release;
		};
		CAD4A52C2CCBDE140028B1F2 /* Debug */ = {
			isa = XCBuildConfiguration;
			buildSettings = {
				CODE_SIGN_STYLE = Automatic;
				CURRENT_PROJECT_VERSION = 1;
				GENERATE_INFOPLIST_FILE = YES;
				MARKETING_VERSION = 1.0;
				PRODUCT_BUNDLE_IDENTIFIER = com.studeapps.UsingEnvironmentVariablesUITests;
				PRODUCT_NAME = "$(TARGET_NAME)";
				SWIFT_EMIT_LOC_STRINGS = NO;
				SWIFT_VERSION = 5.0;
				TARGETED_DEVICE_FAMILY = "1,2";
				TEST_TARGET_NAME = UsingEnvironmentVariables;
			};
			name = Debug;
		};
		CAD4A52D2CCBDE140028B1F2 /* Release */ = {
			isa = XCBuildConfiguration;
			buildSettings = {
				CODE_SIGN_STYLE = Automatic;
				CURRENT_PROJECT_VERSION = 1;
				GENERATE_INFOPLIST_FILE = YES;
				MARKETING_VERSION = 1.0;
				PRODUCT_BUNDLE_IDENTIFIER = com.studeapps.UsingEnvironmentVariablesUITests;
				PRODUCT_NAME = "$(TARGET_NAME)";
				SWIFT_EMIT_LOC_STRINGS = NO;
				SWIFT_VERSION = 5.0;
				TARGETED_DEVICE_FAMILY = "1,2";
				TEST_TARGET_NAME = UsingEnvironmentVariables;
			};
			name = Release;
		};
/* End XCBuildConfiguration section */

/* Begin XCConfigurationList section */
		CAD4A4FC2CCBDE120028B1F2 /* Build configuration list for PBXProject "UsingEnvironmentVariables" */ = {
			isa = XCConfigurationList;
			buildConfigurations = (
				CAD4A5232CCBDE140028B1F2 /* Debug */,
				CAD4A5242CCBDE140028B1F2 /* Release */,
			);
			defaultConfigurationIsVisible = 0;
			defaultConfigurationName = Release;
		};
		CAD4A5252CCBDE140028B1F2 /* Build configuration list for PBXNativeTarget "UsingEnvironmentVariables" */ = {
			isa = XCConfigurationList;
			buildConfigurations = (
				CAD4A5262CCBDE140028B1F2 /* Debug */,
				CAD4A5272CCBDE140028B1F2 /* Release */,
			);
			defaultConfigurationIsVisible = 0;
			defaultConfigurationName = Release;
		};
		CAD4A5282CCBDE140028B1F2 /* Build configuration list for PBXNativeTarget "UsingEnvironmentVariablesTests" */ = {
			isa = XCConfigurationList;
			buildConfigurations = (
				CAD4A5292CCBDE140028B1F2 /* Debug */,
				CAD4A52A2CCBDE140028B1F2 /* Release */,
			);
			defaultConfigurationIsVisible = 0;
			defaultConfigurationName = Release;
		};
		CAD4A52B2CCBDE140028B1F2 /* Build configuration list for PBXNativeTarget "UsingEnvironmentVariablesUITests" */ = {
			isa = XCConfigurationList;
			buildConfigurations = (
				CAD4A52C2CCBDE140028B1F2 /* Debug */,
				CAD4A52D2CCBDE140028B1F2 /* Release */,
			);
			defaultConfigurationIsVisible = 0;
			defaultConfigurationName = Release;
		};
/* End XCConfigurationList section */
	};
	rootObject = CAD4A4F92CCBDE120028B1F2 /* Project object */;
}
