PODS:
  - Localize-Swift (2.0.0)

DEPENDENCIES:
  - Localize-Swift (~> 2.0)

SPEC REPOS:
  https://github.com/cocoapods/specs.git:
    - Localize-Swift

SPEC CHECKSUMS:
  Localize-Swift: c798ec9286494866f7068f85f7c71283ac5bdab4

PODFILE CHECKSUM: 719d32b6c7a3aeb107bad9ff9b880666dc8979de

COCOAPODS: 1.5.3
