// !$*UTF8*$!
{
	archiveVersion = 1;
	classes = {
	};
	objectVersion = 50;
	objects = {

/* Begin PBXBuildFile section */
		CA19EEBB2319004700DE9885 /* AppDelegate.swift in Sources */ = {isa = PBXBuildFile; fileRef = CA19EEBA2319004700DE9885 /* AppDelegate.swift */; };
		CA19EEBD2319004700DE9885 /* MenuViewController.swift in Sources */ = {isa = PBXBuildFile; fileRef = CA19EEBC2319004700DE9885 /* MenuViewController.swift */; };
		CA19EEC22319004800DE9885 /* Assets.xcassets in Resources */ = {isa = PBXBuildFile; fileRef = CA19EEC12319004800DE9885 /* Assets.xcassets */; };
		CA19EEC52319004800DE9885 /* LaunchScreen.storyboard in Resources */ = {isa = PBXBuildFile; fileRef = CA19EEC32319004800DE9885 /* LaunchScreen.storyboard */; };
		CA19EED02319004800DE9885 /* MVPTests.swift in Sources */ = {isa = PBXBuildFile; fileRef = CA19EECF2319004800DE9885 /* MVPTests.swift */; };
		CA19EEDB2319004800DE9885 /* MVPUITests.swift in Sources */ = {isa = PBXBuildFile; fileRef = CA19EEDA2319004800DE9885 /* MVPUITests.swift */; };
		CA19EEE9231900F600DE9885 /* MenuPresenter.swift in Sources */ = {isa = PBXBuildFile; fileRef = CA19EEE8231900F600DE9885 /* MenuPresenter.swift */; };
		CA8DD531264548B8006360EF /* DetailViewController.swift in Sources */ = {isa = PBXBuildFile; fileRef = CA8DD530264548B8006360EF /* DetailViewController.swift */; };
		CA8DD57126454D5D006360EF /* DetailPresenter.swift in Sources */ = {isa = PBXBuildFile; fileRef = CA8DD57026454D5D006360EF /* DetailPresenter.swift */; };
/* End PBXBuildFile section */

/* Begin PBXContainerItemProxy section */
		CA19EECC2319004800DE9885 /* PBXContainerItemProxy */ = {
			isa = PBXContainerItemProxy;
			containerPortal = CA19EEAF2319004700DE9885 /* Project object */;
			proxyType = 1;
			remoteGlobalIDString = CA19EEB62319004700DE9885;
			remoteInfo = MVP;
		};
		CA19EED72319004800DE9885 /* PBXContainerItemProxy */ = {
			isa = PBXContainerItemProxy;
			containerPortal = CA19EEAF2319004700DE9885 /* Project object */;
			proxyType = 1;
			remoteGlobalIDString = CA19EEB62319004700DE9885;
			remoteInfo = MVP;
		};
/* End PBXContainerItemProxy section */

/* Begin PBXFileReference section */
		CA19EEB72319004700DE9885 /* MVP.app */ = {isa = PBXFileReference; explicitFileType = wrapper.application; includeInIndex = 0; path = MVP.app; sourceTree = BUILT_PRODUCTS_DIR; };
		CA19EEBA2319004700DE9885 /* AppDelegate.swift */ = {isa = PBXFileReference; lastKnownFileType = sourcecode.swift; path = AppDelegate.swift; sourceTree = "<group>"; };
		CA19EEBC2319004700DE9885 /* MenuViewController.swift */ = {isa = PBXFileReference; lastKnownFileType = sourcecode.swift; path = MenuViewController.swift; sourceTree = "<group>"; };
		CA19EEC12319004800DE9885 /* Assets.xcassets */ = {isa = PBXFileReference; lastKnownFileType = folder.assetcatalog; path = Assets.xcassets; sourceTree = "<group>"; };
		CA19EEC42319004800DE9885 /* Base */ = {isa = PBXFileReference; lastKnownFileType = file.storyboard; name = Base; path = Base.lproj/LaunchScreen.storyboard; sourceTree = "<group>"; };
		CA19EEC62319004800DE9885 /* Info.plist */ = {isa = PBXFileReference; lastKnownFileType = text.plist.xml; path = Info.plist; sourceTree = "<group>"; };
		CA19EECB2319004800DE9885 /* MVPTests.xctest */ = {isa = PBXFileReference; explicitFileType = wrapper.cfbundle; includeInIndex = 0; path = MVPTests.xctest; sourceTree = BUILT_PRODUCTS_DIR; };
		CA19EECF2319004800DE9885 /* MVPTests.swift */ = {isa = PBXFileReference; lastKnownFileType = sourcecode.swift; path = MVPTests.swift; sourceTree = "<group>"; };
		CA19EED12319004800DE9885 /* Info.plist */ = {isa = PBXFileReference; lastKnownFileType = text.plist.xml; path = Info.plist; sourceTree = "<group>"; };
		CA19EED62319004800DE9885 /* MVPUITests.xctest */ = {isa = PBXFileReference; explicitFileType = wrapper.cfbundle; includeInIndex = 0; path = MVPUITests.xctest; sourceTree = BUILT_PRODUCTS_DIR; };
		CA19EEDA2319004800DE9885 /* MVPUITests.swift */ = {isa = PBXFileReference; lastKnownFileType = sourcecode.swift; path = MVPUITests.swift; sourceTree = "<group>"; };
		CA19EEDC2319004800DE9885 /* Info.plist */ = {isa = PBXFileReference; lastKnownFileType = text.plist.xml; path = Info.plist; sourceTree = "<group>"; };
		CA19EEE8231900F600DE9885 /* MenuPresenter.swift */ = {isa = PBXFileReference; lastKnownFileType = sourcecode.swift; path = MenuPresenter.swift; sourceTree = "<group>"; };
		CA8DD530264548B8006360EF /* DetailViewController.swift */ = {isa = PBXFileReference; lastKnownFileType = sourcecode.swift; path = DetailViewController.swift; sourceTree = "<group>"; };
		CA8DD57026454D5D006360EF /* DetailPresenter.swift */ = {isa = PBXFileReference; lastKnownFileType = sourcecode.swift; path = DetailPresenter.swift; sourceTree = "<group>"; };
/* End PBXFileReference section */

/* Begin PBXFrameworksBuildPhase section */
		CA19EEB42319004700DE9885 /* Frameworks */ = {
			isa = PBXFrameworksBuildPhase;
			buildActionMask = 2147483647;
			files = (
			);
			runOnlyForDeploymentPostprocessing = 0;
		};
		CA19EEC82319004800DE9885 /* Frameworks */ = {
			isa = PBXFrameworksBuildPhase;
			buildActionMask = 2147483647;
			files = (
			);
			runOnlyForDeploymentPostprocessing = 0;
		};
		CA19EED32319004800DE9885 /* Frameworks */ = {
			isa = PBXFrameworksBuildPhase;
			buildActionMask = 2147483647;
			files = (
			);
			runOnlyForDeploymentPostprocessing = 0;
		};
/* End PBXFrameworksBuildPhase section */

/* Begin PBXGroup section */
		CA19EEAE2319004700DE9885 = {
			isa = PBXGroup;
			children = (
				CA19EEB92319004700DE9885 /* MVP */,
				CA19EECE2319004800DE9885 /* MVPTests */,
				CA19EED92319004800DE9885 /* MVPUITests */,
				CA19EEB82319004700DE9885 /* Products */,
			);
			sourceTree = "<group>";
		};
		CA19EEB82319004700DE9885 /* Products */ = {
			isa = PBXGroup;
			children = (
				CA19EEB72319004700DE9885 /* MVP.app */,
				CA19EECB2319004800DE9885 /* MVPTests.xctest */,
				CA19EED62319004800DE9885 /* MVPUITests.xctest */,
			);
			name = Products;
			sourceTree = "<group>";
		};
		CA19EEB92319004700DE9885 /* MVP */ = {
			isa = PBXGroup;
			children = (
				CA19EEBA2319004700DE9885 /* AppDelegate.swift */,
				CA8DD5C82645A5E1006360EF /* View */,
				CA8DD5C92645A5EB006360EF /* Presenter */,
				CA19EEC12319004800DE9885 /* Assets.xcassets */,
				CA19EEC32319004800DE9885 /* LaunchScreen.storyboard */,
				CA19EEC62319004800DE9885 /* Info.plist */,
			);
			path = MVP;
			sourceTree = "<group>";
		};
		CA19EECE2319004800DE9885 /* MVPTests */ = {
			isa = PBXGroup;
			children = (
				CA19EECF2319004800DE9885 /* MVPTests.swift */,
				CA19EED12319004800DE9885 /* Info.plist */,
			);
			path = MVPTests;
			sourceTree = "<group>";
		};
		CA19EED92319004800DE9885 /* MVPUITests */ = {
			isa = PBXGroup;
			children = (
				CA19EEDA2319004800DE9885 /* MVPUITests.swift */,
				CA19EEDC2319004800DE9885 /* Info.plist */,
			);
			path = MVPUITests;
			sourceTree = "<group>";
		};
		CA8DD5C82645A5E1006360EF /* View */ = {
			isa = PBXGroup;
			children = (
				CA19EEBC2319004700DE9885 /* MenuViewController.swift */,
				CA8DD530264548B8006360EF /* DetailViewController.swift */,
			);
			path = View;
			sourceTree = "<group>";
		};
		CA8DD5C92645A5EB006360EF /* Presenter */ = {
			isa = PBXGroup;
			children = (
				CA19EEE8231900F600DE9885 /* MenuPresenter.swift */,
				CA8DD57026454D5D006360EF /* DetailPresenter.swift */,
			);
			path = Presenter;
			sourceTree = "<group>";
		};
/* End PBXGroup section */

/* Begin PBXNativeTarget section */
		CA19EEB62319004700DE9885 /* MVP */ = {
			isa = PBXNativeTarget;
			buildConfigurationList = CA19EEDF2319004800DE9885 /* Build configuration list for PBXNativeTarget "MVP" */;
			buildPhases = (
				CA19EEB32319004700DE9885 /* Sources */,
				CA19EEB42319004700DE9885 /* Frameworks */,
				CA19EEB52319004700DE9885 /* Resources */,
			);
			buildRules = (
			);
			dependencies = (
			);
			name = MVP;
			productName = MVP;
			productReference = CA19EEB72319004700DE9885 /* MVP.app */;
			productType = "com.apple.product-type.application";
		};
		CA19EECA2319004800DE9885 /* MVPTests */ = {
			isa = PBXNativeTarget;
			buildConfigurationList = CA19EEE22319004800DE9885 /* Build configuration list for PBXNativeTarget "MVPTests" */;
			buildPhases = (
				CA19EEC72319004800DE9885 /* Sources */,
				CA19EEC82319004800DE9885 /* Frameworks */,
				CA19EEC92319004800DE9885 /* Resources */,
			);
			buildRules = (
			);
			dependencies = (
				CA19EECD2319004800DE9885 /* PBXTargetDependency */,
			);
			name = MVPTests;
			productName = MVPTests;
			productReference = CA19EECB2319004800DE9885 /* MVPTests.xctest */;
			productType = "com.apple.product-type.bundle.unit-test";
		};
		CA19EED52319004800DE9885 /* MVPUITests */ = {
			isa = PBXNativeTarget;
			buildConfigurationList = CA19EEE52319004800DE9885 /* Build configuration list for PBXNativeTarget "MVPUITests" */;
			buildPhases = (
				CA19EED22319004800DE9885 /* Sources */,
				CA19EED32319004800DE9885 /* Frameworks */,
				CA19EED42319004800DE9885 /* Resources */,
			);
			buildRules = (
			);
			dependencies = (
				CA19EED82319004800DE9885 /* PBXTargetDependency */,
			);
			name = MVPUITests;
			productName = MVPUITests;
			productReference = CA19EED62319004800DE9885 /* MVPUITests.xctest */;
			productType = "com.apple.product-type.bundle.ui-testing";
		};
/* End PBXNativeTarget section */

/* Begin PBXProject section */
		CA19EEAF2319004700DE9885 /* Project object */ = {
			isa = PBXProject;
			attributes = {
				LastSwiftUpdateCheck = 1020;
				LastUpgradeCheck = 1020;
				ORGANIZATIONNAME = "Steven Curtis";
				TargetAttributes = {
					CA19EEB62319004700DE9885 = {
						CreatedOnToolsVersion = 10.2.1;
					};
					CA19EECA2319004800DE9885 = {
						CreatedOnToolsVersion = 10.2.1;
						TestTargetID = CA19EEB62319004700DE9885;
					};
					CA19EED52319004800DE9885 = {
						CreatedOnToolsVersion = 10.2.1;
						TestTargetID = CA19EEB62319004700DE9885;
					};
				};
			};
			buildConfigurationList = CA19EEB22319004700DE9885 /* Build configuration list for PBXProject "MVP" */;
			compatibilityVersion = "Xcode 9.3";
			developmentRegion = en;
			hasScannedForEncodings = 0;
			knownRegions = (
				en,
				Base,
			);
			mainGroup = CA19EEAE2319004700DE9885;
			productRefGroup = CA19EEB82319004700DE9885 /* Products */;
			projectDirPath = "";
			projectRoot = "";
			targets = (
				CA19EEB62319004700DE9885 /* MVP */,
				CA19EECA2319004800DE9885 /* MVPTests */,
				CA19EED52319004800DE9885 /* MVPUITests */,
			);
		};
/* End PBXProject section */

/* Begin PBXResourcesBuildPhase section */
		CA19EEB52319004700DE9885 /* Resources */ = {
			isa = PBXResourcesBuildPhase;
			buildActionMask = 2147483647;
			files = (
				CA19EEC52319004800DE9885 /* LaunchScreen.storyboard in Resources */,
				CA19EEC22319004800DE9885 /* Assets.xcassets in Resources */,
			);
			runOnlyForDeploymentPostprocessing = 0;
		};
		CA19EEC92319004800DE9885 /* Resources */ = {
			isa = PBXResourcesBuildPhase;
			buildActionMask = 2147483647;
			files = (
			);
			runOnlyForDeploymentPostprocessing = 0;
		};
		CA19EED42319004800DE9885 /* Resources */ = {
			isa = PBXResourcesBuildPhase;
			buildActionMask = 2147483647;
			files = (
			);
			runOnlyForDeploymentPostprocessing = 0;
		};
/* End PBXResourcesBuildPhase section */

/* Begin PBXSourcesBuildPhase section */
		CA19EEB32319004700DE9885 /* Sources */ = {
			isa = PBXSourcesBuildPhase;
			buildActionMask = 2147483647;
			files = (
				CA19EEBD2319004700DE9885 /* MenuViewController.swift in Sources */,
				CA19EEBB2319004700DE9885 /* AppDelegate.swift in Sources */,
				CA19EEE9231900F600DE9885 /* MenuPresenter.swift in Sources */,
				CA8DD57126454D5D006360EF /* DetailPresenter.swift in Sources */,
				CA8DD531264548B8006360EF /* DetailViewController.swift in Sources */,
			);
			runOnlyForDeploymentPostprocessing = 0;
		};
		CA19EEC72319004800DE9885 /* Sources */ = {
			isa = PBXSourcesBuildPhase;
			buildActionMask = 2147483647;
			files = (
				CA19EED02319004800DE9885 /* MVPTests.swift in Sources */,
			);
			runOnlyForDeploymentPostprocessing = 0;
		};
		CA19EED22319004800DE9885 /* Sources */ = {
			isa = PBXSourcesBuildPhase;
			buildActionMask = 2147483647;
			files = (
				CA19EEDB2319004800DE9885 /* MVPUITests.swift in Sources */,
			);
			runOnlyForDeploymentPostprocessing = 0;
		};
/* End PBXSourcesBuildPhase section */

/* Begin PBXTargetDependency section */
		CA19EECD2319004800DE9885 /* PBXTargetDependency */ = {
			isa = PBXTargetDependency;
			target = CA19EEB62319004700DE9885 /* MVP */;
			targetProxy = CA19EECC2319004800DE9885 /* PBXContainerItemProxy */;
		};
		CA19EED82319004800DE9885 /* PBXTargetDependency */ = {
			isa = PBXTargetDependency;
			target = CA19EEB62319004700DE9885 /* MVP */;
			targetProxy = CA19EED72319004800DE9885 /* PBXContainerItemProxy */;
		};
/* End PBXTargetDependency section */

/* Begin PBXVariantGroup section */
		CA19EEC32319004800DE9885 /* LaunchScreen.storyboard */ = {
			isa = PBXVariantGroup;
			children = (
				CA19EEC42319004800DE9885 /* Base */,
			);
			name = LaunchScreen.storyboard;
			sourceTree = "<group>";
		};
/* End PBXVariantGroup section */

/* Begin XCBuildConfiguration section */
		CA19EEDD2319004800DE9885 /* Debug */ = {
			isa = XCBuildConfiguration;
			buildSettings = {
				ALWAYS_SEARCH_USER_PATHS = NO;
				CLANG_ANALYZER_NONNULL = YES;
				CLANG_ANALYZER_NUMBER_OBJECT_CONVERSION = YES_AGGRESSIVE;
				CLANG_CXX_LANGUAGE_STANDARD = "gnu++14";
				CLANG_CXX_LIBRARY = "libc++";
				CLANG_ENABLE_MODULES = YES;
				CLANG_ENABLE_OBJC_ARC = YES;
				CLANG_ENABLE_OBJC_WEAK = YES;
				CLANG_WARN_BLOCK_CAPTURE_AUTORELEASING = YES;
				CLANG_WARN_BOOL_CONVERSION = YES;
				CLANG_WARN_COMMA = YES;
				CLANG_WARN_CONSTANT_CONVERSION = YES;
				CLANG_WARN_DEPRECATED_OBJC_IMPLEMENTATIONS = YES;
				CLANG_WARN_DIRECT_OBJC_ISA_USAGE = YES_ERROR;
				CLANG_WARN_DOCUMENTATION_COMMENTS = YES;
				CLANG_WARN_EMPTY_BODY = YES;
				CLANG_WARN_ENUM_CONVERSION = YES;
				CLANG_WARN_INFINITE_RECURSION = YES;
				CLANG_WARN_INT_CONVERSION = YES;
				CLANG_WARN_NON_LITERAL_NULL_CONVERSION = YES;
				CLANG_WARN_OBJC_IMPLICIT_RETAIN_SELF = YES;
				CLANG_WARN_OBJC_LITERAL_CONVERSION = YES;
				CLANG_WARN_OBJC_ROOT_CLASS = YES_ERROR;
				CLANG_WARN_RANGE_LOOP_ANALYSIS = YES;
				CLANG_WARN_STRICT_PROTOTYPES = YES;
				CLANG_WARN_SUSPICIOUS_MOVE = YES;
				CLANG_WARN_UNGUARDED_AVAILABILITY = YES_AGGRESSIVE;
				CLANG_WARN_UNREACHABLE_CODE = YES;
				CLANG_WARN__DUPLICATE_METHOD_MATCH = YES;
				CODE_SIGN_IDENTITY = "iPhone Developer";
				COPY_PHASE_STRIP = NO;
				DEBUG_INFORMATION_FORMAT = dwarf;
				ENABLE_STRICT_OBJC_MSGSEND = YES;
				ENABLE_TESTABILITY = YES;
				GCC_C_LANGUAGE_STANDARD = gnu11;
				GCC_DYNAMIC_NO_PIC = NO;
				GCC_NO_COMMON_BLOCKS = YES;
				GCC_OPTIMIZATION_LEVEL = 0;
				GCC_PREPROCESSOR_DEFINITIONS = (
					"DEBUG=1",
					"$(inherited)",
				);
				GCC_WARN_64_TO_32_BIT_CONVERSION = YES;
				GCC_WARN_ABOUT_RETURN_TYPE = YES_ERROR;
				GCC_WARN_UNDECLARED_SELECTOR = YES;
				GCC_WARN_UNINITIALIZED_AUTOS = YES_AGGRESSIVE;
				GCC_WARN_UNUSED_FUNCTION = YES;
				GCC_WARN_UNUSED_VARIABLE = YES;
				IPHONEOS_DEPLOYMENT_TARGET = 12.2;
				MTL_ENABLE_DEBUG_INFO = INCLUDE_SOURCE;
				MTL_FAST_MATH = YES;
				ONLY_ACTIVE_ARCH = YES;
				SDKROOT = iphoneos;
				SWIFT_ACTIVE_COMPILATION_CONDITIONS = DEBUG;
				SWIFT_OPTIMIZATION_LEVEL = "-Onone";
			};
			name = Debug;
		};
		CA19EEDE2319004800DE9885 /* Release */ = {
			isa = XCBuildConfiguration;
			buildSettings = {
				ALWAYS_SEARCH_USER_PATHS = NO;
				CLANG_ANALYZER_NONNULL = YES;
				CLANG_ANALYZER_NUMBER_OBJECT_CONVERSION = YES_AGGRESSIVE;
				CLANG_CXX_LANGUAGE_STANDARD = "gnu++14";
				CLANG_CXX_LIBRARY = "libc++";
				CLANG_ENABLE_MODULES = YES;
				CLANG_ENABLE_OBJC_ARC = YES;
				CLANG_ENABLE_OBJC_WEAK = YES;
				CLANG_WARN_BLOCK_CAPTURE_AUTORELEASING = YES;
				CLANG_WARN_BOOL_CONVERSION = YES;
				CLANG_WARN_COMMA = YES;
				CLANG_WARN_CONSTANT_CONVERSION = YES;
				CLANG_WARN_DEPRECATED_OBJC_IMPLEMENTATIONS = YES;
				CLANG_WARN_DIRECT_OBJC_ISA_USAGE = YES_ERROR;
				CLANG_WARN_DOCUMENTATION_COMMENTS = YES;
				CLANG_WARN_EMPTY_BODY = YES;
				CLANG_WARN_ENUM_CONVERSION = YES;
				CLANG_WARN_INFINITE_RECURSION = YES;
				CLANG_WARN_INT_CONVERSION = YES;
				CLANG_WARN_NON_LITERAL_NULL_CONVERSION = YES;
				CLANG_WARN_OBJC_IMPLICIT_RETAIN_SELF = YES;
				CLANG_WARN_OBJC_LITERAL_CONVERSION = YES;
				CLANG_WARN_OBJC_ROOT_CLASS = YES_ERROR;
				CLANG_WARN_RANGE_LOOP_ANALYSIS = YES;
				CLANG_WARN_STRICT_PROTOTYPES = YES;
				CLANG_WARN_SUSPICIOUS_MOVE = YES;
				CLANG_WARN_UNGUARDED_AVAILABILITY = YES_AGGRESSIVE;
				CLANG_WARN_UNREACHABLE_CODE = YES;
				CLANG_WARN__DUPLICATE_METHOD_MATCH = YES;
				CODE_SIGN_IDENTITY = "iPhone Developer";
				COPY_PHASE_STRIP = NO;
				DEBUG_INFORMATION_FORMAT = "dwarf-with-dsym";
				ENABLE_NS_ASSERTIONS = NO;
				ENABLE_STRICT_OBJC_MSGSEND = YES;
				GCC_C_LANGUAGE_STANDARD = gnu11;
				GCC_NO_COMMON_BLOCKS = YES;
				GCC_WARN_64_TO_32_BIT_CONVERSION = YES;
				GCC_WARN_ABOUT_RETURN_TYPE = YES_ERROR;
				GCC_WARN_UNDECLARED_SELECTOR = YES;
				GCC_WARN_UNINITIALIZED_AUTOS = YES_AGGRESSIVE;
				GCC_WARN_UNUSED_FUNCTION = YES;
				GCC_WARN_UNUSED_VARIABLE = YES;
				IPHONEOS_DEPLOYMENT_TARGET = 12.2;
				MTL_ENABLE_DEBUG_INFO = NO;
				MTL_FAST_MATH = YES;
				SDKROOT = iphoneos;
				SWIFT_COMPILATION_MODE = wholemodule;
				SWIFT_OPTIMIZATION_LEVEL = "-O";
				VALIDATE_PRODUCT = YES;
			};
			name = Release;
		};
		CA19EEE02319004800DE9885 /* Debug */ = {
			isa = XCBuildConfiguration;
			buildSettings = {
				ASSETCATALOG_COMPILER_APPICON_NAME = AppIcon;
				CODE_SIGN_STYLE = Automatic;
				DEVELOPMENT_TEAM = UW69ZFFDZJ;
				INFOPLIST_FILE = MVP/Info.plist;
				LD_RUNPATH_SEARCH_PATHS = (
					"$(inherited)",
					"@executable_path/Frameworks",
				);
				PRODUCT_BUNDLE_IDENTIFIER = com.studeapps.MVP;
				PRODUCT_NAME = "$(TARGET_NAME)";
				SWIFT_VERSION = 5.0;
				TARGETED_DEVICE_FAMILY = "1,2";
			};
			name = Debug;
		};
		CA19EEE12319004800DE9885 /* Release */ = {
			isa = XCBuildConfiguration;
			buildSettings = {
				ASSETCATALOG_COMPILER_APPICON_NAME = AppIcon;
				CODE_SIGN_STYLE = Automatic;
				DEVELOPMENT_TEAM = UW69ZFFDZJ;
				INFOPLIST_FILE = MVP/Info.plist;
				LD_RUNPATH_SEARCH_PATHS = (
					"$(inherited)",
					"@executable_path/Frameworks",
				);
				PRODUCT_BUNDLE_IDENTIFIER = com.studeapps.MVP;
				PRODUCT_NAME = "$(TARGET_NAME)";
				SWIFT_VERSION = 5.0;
				TARGETED_DEVICE_FAMILY = "1,2";
			};
			name = Release;
		};
		CA19EEE32319004800DE9885 /* Debug */ = {
			isa = XCBuildConfiguration;
			buildSettings = {
				ALWAYS_EMBED_SWIFT_STANDARD_LIBRARIES = YES;
				BUNDLE_LOADER = "$(TEST_HOST)";
				CODE_SIGN_STYLE = Automatic;
				DEVELOPMENT_TEAM = UW69ZFFDZJ;
				INFOPLIST_FILE = MVPTests/Info.plist;
				LD_RUNPATH_SEARCH_PATHS = (
					"$(inherited)",
					"@executable_path/Frameworks",
					"@loader_path/Frameworks",
				);
				PRODUCT_BUNDLE_IDENTIFIER = com.studeapps.MVPTests;
				PRODUCT_NAME = "$(TARGET_NAME)";
				SWIFT_VERSION = 5.0;
				TARGETED_DEVICE_FAMILY = "1,2";
				TEST_HOST = "$(BUILT_PRODUCTS_DIR)/MVP.app/MVP";
			};
			name = Debug;
		};
		CA19EEE42319004800DE9885 /* Release */ = {
			isa = XCBuildConfiguration;
			buildSettings = {
				ALWAYS_EMBED_SWIFT_STANDARD_LIBRARIES = YES;
				BUNDLE_LOADER = "$(TEST_HOST)";
				CODE_SIGN_STYLE = Automatic;
				DEVELOPMENT_TEAM = UW69ZFFDZJ;
				INFOPLIST_FILE = MVPTests/Info.plist;
				LD_RUNPATH_SEARCH_PATHS = (
					"$(inherited)",
					"@executable_path/Frameworks",
					"@loader_path/Frameworks",
				);
				PRODUCT_BUNDLE_IDENTIFIER = com.studeapps.MVPTests;
				PRODUCT_NAME = "$(TARGET_NAME)";
				SWIFT_VERSION = 5.0;
				TARGETED_DEVICE_FAMILY = "1,2";
				TEST_HOST = "$(BUILT_PRODUCTS_DIR)/MVP.app/MVP";
			};
			name = Release;
		};
		CA19EEE62319004800DE9885 /* Debug */ = {
			isa = XCBuildConfiguration;
			buildSettings = {
				ALWAYS_EMBED_SWIFT_STANDARD_LIBRARIES = YES;
				CODE_SIGN_STYLE = Automatic;
				DEVELOPMENT_TEAM = UW69ZFFDZJ;
				INFOPLIST_FILE = MVPUITests/Info.plist;
				LD_RUNPATH_SEARCH_PATHS = (
					"$(inherited)",
					"@executable_path/Frameworks",
					"@loader_path/Frameworks",
				);
				PRODUCT_BUNDLE_IDENTIFIER = com.studeapps.MVPUITests;
				PRODUCT_NAME = "$(TARGET_NAME)";
				SWIFT_VERSION = 5.0;
				TARGETED_DEVICE_FAMILY = "1,2";
				TEST_TARGET_NAME = MVP;
			};
			name = Debug;
		};
		CA19EEE72319004800DE9885 /* Release */ = {
			isa = XCBuildConfiguration;
			buildSettings = {
				ALWAYS_EMBED_SWIFT_STANDARD_LIBRARIES = YES;
				CODE_SIGN_STYLE = Automatic;
				DEVELOPMENT_TEAM = UW69ZFFDZJ;
				INFOPLIST_FILE = MVPUITests/Info.plist;
				LD_RUNPATH_SEARCH_PATHS = (
					"$(inherited)",
					"@executable_path/Frameworks",
					"@loader_path/Frameworks",
				);
				PRODUCT_BUNDLE_IDENTIFIER = com.studeapps.MVPUITests;
				PRODUCT_NAME = "$(TARGET_NAME)";
				SWIFT_VERSION = 5.0;
				TARGETED_DEVICE_FAMILY = "1,2";
				TEST_TARGET_NAME = MVP;
			};
			name = Release;
		};
/* End XCBuildConfiguration section */

/* Begin XCConfigurationList section */
		CA19EEB22319004700DE9885 /* Build configuration list for PBXProject "MVP" */ = {
			isa = XCConfigurationList;
			buildConfigurations = (
				CA19EEDD2319004800DE9885 /* Debug */,
				CA19EEDE2319004800DE9885 /* Release */,
			);
			defaultConfigurationIsVisible = 0;
			defaultConfigurationName = Release;
		};
		CA19EEDF2319004800DE9885 /* Build configuration list for PBXNativeTarget "MVP" */ = {
			isa = XCConfigurationList;
			buildConfigurations = (
				CA19EEE02319004800DE9885 /* Debug */,
				CA19EEE12319004800DE9885 /* Release */,
			);
			defaultConfigurationIsVisible = 0;
			defaultConfigurationName = Release;
		};
		CA19EEE22319004800DE9885 /* Build configuration list for PBXNativeTarget "MVPTests" */ = {
			isa = XCConfigurationList;
			buildConfigurations = (
				CA19EEE32319004800DE9885 /* Debug */,
				CA19EEE42319004800DE9885 /* Release */,
			);
			defaultConfigurationIsVisible = 0;
			defaultConfigurationName = Release;
		};
		CA19EEE52319004800DE9885 /* Build configuration list for PBXNativeTarget "MVPUITests" */ = {
			isa = XCConfigurationList;
			buildConfigurations = (
				CA19EEE62319004800DE9885 /* Debug */,
				CA19EEE72319004800DE9885 /* Release */,
			);
			defaultConfigurationIsVisible = 0;
			defaultConfigurationName = Release;
		};
/* End XCConfigurationList section */
	};
	rootObject = CA19EEAF2319004700DE9885 /* Project object */;
}
